// !$*UTF8*$!
{
	archiveVersion = 1;
	classes = {
	};
	objectVersion = 55;
	objects = {

/* Begin PBXBuildFile section */
		6400D64F2841C3B5005A6F79 /* CustomTextEitor.swift in Sources */ = {isa = PBXBuildFile; fileRef = 6400D64E2841C3B5005A6F79 /* CustomTextEitor.swift */; };
		6400D6512841C54C005A6F79 /* MultipleLineInputCell.swift in Sources */ = {isa = PBXBuildFile; fileRef = 6400D6502841C54C005A6F79 /* MultipleLineInputCell.swift */; };
		6400D6532844101A005A6F79 /* ViewExtesnion.swift in Sources */ = {isa = PBXBuildFile; fileRef = 6400D6522844101A005A6F79 /* ViewExtesnion.swift */; };
		6400D6552844F4CB005A6F79 /* CustomSelector.swift in Sources */ = {isa = PBXBuildFile; fileRef = 6400D6542844F4CB005A6F79 /* CustomSelector.swift */; };
		6400D6572844F691005A6F79 /* SelectorInputCell.swift in Sources */ = {isa = PBXBuildFile; fileRef = 6400D6562844F691005A6F79 /* SelectorInputCell.swift */; };
		6400D65A28450B56005A6F79 /* TwoButtonsView.swift in Sources */ = {isa = PBXBuildFile; fileRef = 6400D65928450B56005A6F79 /* TwoButtonsView.swift */; };
		6400D65C28450BDD005A6F79 /* LocalizedString.swift in Sources */ = {isa = PBXBuildFile; fileRef = 6400D65B28450BDD005A6F79 /* LocalizedString.swift */; };
		6402878E28B1577100FCE2C8 /* ListExtensions.swift in Sources */ = {isa = PBXBuildFile; fileRef = 6402878D28B1577100FCE2C8 /* ListExtensions.swift */; };
		6402879128B15D3E00FCE2C8 /* DayTaskListEmtyView.swift in Sources */ = {isa = PBXBuildFile; fileRef = 6402879028B15D3E00FCE2C8 /* DayTaskListEmtyView.swift */; };
		6402879428B17DF900FCE2C8 /* ProgressOverViewOverview.swift in Sources */ = {isa = PBXBuildFile; fileRef = 6402879328B17DF900FCE2C8 /* ProgressOverViewOverview.swift */; };
		6402879628B17E0800FCE2C8 /* HomeHeadLineView.swift in Sources */ = {isa = PBXBuildFile; fileRef = 6402879528B17E0800FCE2C8 /* HomeHeadLineView.swift */; };
		6402879828B17E6A00FCE2C8 /* HomeHeaderView.swift in Sources */ = {isa = PBXBuildFile; fileRef = 6402879728B17E6A00FCE2C8 /* HomeHeaderView.swift */; };
		6402879A28B17EEE00FCE2C8 /* WeekCircleView.swift in Sources */ = {isa = PBXBuildFile; fileRef = 6402879928B17EEE00FCE2C8 /* WeekCircleView.swift */; };
		6402889628B5583700FCE2C8 /* TaskCreationHeader.swift in Sources */ = {isa = PBXBuildFile; fileRef = 6402889528B5583700FCE2C8 /* TaskCreationHeader.swift */; };
		6402889928B5617F00FCE2C8 /* VerticalSpaceView.swift in Sources */ = {isa = PBXBuildFile; fileRef = 6402889828B5617F00FCE2C8 /* VerticalSpaceView.swift */; };
		640B8E0C27CECDB000177ADF /* ProgressBar.swift in Sources */ = {isa = PBXBuildFile; fileRef = 640B8E0B27CECDB000177ADF /* ProgressBar.swift */; };
		640B8E0F27CECE1F00177ADF /* LabelDisplayModel.swift in Sources */ = {isa = PBXBuildFile; fileRef = 640B8E0E27CECE1F00177ADF /* LabelDisplayModel.swift */; };
		640B8E1127CECE5A00177ADF /* LabelStyle.swift in Sources */ = {isa = PBXBuildFile; fileRef = 640B8E1027CECE5A00177ADF /* LabelStyle.swift */; };
		640B8E1427CECEB300177ADF /* PublicTheme.swift in Sources */ = {isa = PBXBuildFile; fileRef = 640B8E1327CECEB300177ADF /* PublicTheme.swift */; };
		640B8E1627CECF2100177ADF /* CardTitleStackView.swift in Sources */ = {isa = PBXBuildFile; fileRef = 640B8E1527CECF2100177ADF /* CardTitleStackView.swift */; };
		640B8E1927CECF6B00177ADF /* CardDisplayModel.swift in Sources */ = {isa = PBXBuildFile; fileRef = 640B8E1827CECF6B00177ADF /* CardDisplayModel.swift */; };
		640B8E1C27CECFA700177ADF /* TextExtensions.swift in Sources */ = {isa = PBXBuildFile; fileRef = 640B8E1B27CECFA700177ADF /* TextExtensions.swift */; };
		640C8716288898F900A2DBE9 /* MyCustomTabBarView.swift in Sources */ = {isa = PBXBuildFile; fileRef = 640C8715288898F900A2DBE9 /* MyCustomTabBarView.swift */; };
		642CB192287AFD7A004AF8DA /* BindingExtension.swift in Sources */ = {isa = PBXBuildFile; fileRef = 642CB191287AFD7A004AF8DA /* BindingExtension.swift */; };
		642CB194287C4202004AF8DA /* GoalRealm.swift in Sources */ = {isa = PBXBuildFile; fileRef = 642CB193287C4202004AF8DA /* GoalRealm.swift */; };
		642CB196287C42F5004AF8DA /* DetachableObject.swift in Sources */ = {isa = PBXBuildFile; fileRef = 642CB195287C42F5004AF8DA /* DetachableObject.swift */; };
		642CB198287C4407004AF8DA /* SelectGoalDataManager.swift in Sources */ = {isa = PBXBuildFile; fileRef = 642CB197287C4407004AF8DA /* SelectGoalDataManager.swift */; };
		642CB19A287C4410004AF8DA /* SelectGoalViewModel.swift in Sources */ = {isa = PBXBuildFile; fileRef = 642CB199287C4410004AF8DA /* SelectGoalViewModel.swift */; };
		642CB19C287C441F004AF8DA /* SelectGoalMock.swift in Sources */ = {isa = PBXBuildFile; fileRef = 642CB19B287C441F004AF8DA /* SelectGoalMock.swift */; };
		642CB19E287C451D004AF8DA /* DataEntryDataModel.swift in Sources */ = {isa = PBXBuildFile; fileRef = 642CB19D287C451D004AF8DA /* DataEntryDataModel.swift */; };
		642CB1A0287C453D004AF8DA /* ContextDataModel.swift in Sources */ = {isa = PBXBuildFile; fileRef = 642CB19F287C453D004AF8DA /* ContextDataModel.swift */; };
		642CB1A2287C4573004AF8DA /* GoalDataModel.swift in Sources */ = {isa = PBXBuildFile; fileRef = 642CB1A1287C4573004AF8DA /* GoalDataModel.swift */; };
		642D2B2B2897297F00500670 /* DateExtension_forfuture.swift in Sources */ = {isa = PBXBuildFile; fileRef = 642D2B2A2897297F00500670 /* DateExtension_forfuture.swift */; };
		642D2B2D289729AA00500670 /* DateHelper.swift in Sources */ = {isa = PBXBuildFile; fileRef = 642D2B2C289729AA00500670 /* DateHelper.swift */; };
		642D2B2F28972A2500500670 /* DateFormatterExtensions.swift in Sources */ = {isa = PBXBuildFile; fileRef = 642D2B2E28972A2500500670 /* DateFormatterExtensions.swift */; };
		642D2B352898012300500670 /* TaskDetailView.swift in Sources */ = {isa = PBXBuildFile; fileRef = 642D2B342898012300500670 /* TaskDetailView.swift */; };
		642D2B3728980A8900500670 /* TaskDetailContext.swift in Sources */ = {isa = PBXBuildFile; fileRef = 642D2B3628980A8900500670 /* TaskDetailContext.swift */; };
		642D2B3B28980A9400500670 /* TaskDetailDataManager.swift in Sources */ = {isa = PBXBuildFile; fileRef = 642D2B3A28980A9400500670 /* TaskDetailDataManager.swift */; };
		642D2B3D28980AA200500670 /* TaskDetailViewModel.swift in Sources */ = {isa = PBXBuildFile; fileRef = 642D2B3C28980AA200500670 /* TaskDetailViewModel.swift */; };
		6432D3A628ABF3C500B5763A /* ReminerSheet.swift in Sources */ = {isa = PBXBuildFile; fileRef = 6432D3A528ABF3C500B5763A /* ReminerSheet.swift */; };
		6432D3A828AC209400B5763A /* ReminderView.swift in Sources */ = {isa = PBXBuildFile; fileRef = 6432D3A728AC209400B5763A /* ReminderView.swift */; };
		6432D3AA28AC2BC800B5763A /* TaskDetailDataMock.swift in Sources */ = {isa = PBXBuildFile; fileRef = 6432D3A928AC2BC800B5763A /* TaskDetailDataMock.swift */; };
		6435414228D2797300449DC3 /* LineSegmentPicker.swift in Sources */ = {isa = PBXBuildFile; fileRef = 6435414128D2797300449DC3 /* LineSegmentPicker.swift */; };
		6435414528D27E9500449DC3 /* GoalsListView.swift in Sources */ = {isa = PBXBuildFile; fileRef = 6435414428D27E9500449DC3 /* GoalsListView.swift */; };
		6435414728D27ED000449DC3 /* GoalsListViewModel.swift in Sources */ = {isa = PBXBuildFile; fileRef = 6435414628D27ED000449DC3 /* GoalsListViewModel.swift */; };
		6435414928D2814300449DC3 /* ActivityListCoordinator.swift in Sources */ = {isa = PBXBuildFile; fileRef = 6435414828D2814300449DC3 /* ActivityListCoordinator.swift */; };
		6435414B28D2816400449DC3 /* ActivityListDataManager.swift in Sources */ = {isa = PBXBuildFile; fileRef = 6435414A28D2816400449DC3 /* ActivityListDataManager.swift */; };
		6435414D28D3661C00449DC3 /* ActivityListDataMock.swift in Sources */ = {isa = PBXBuildFile; fileRef = 6435414C28D3661C00449DC3 /* ActivityListDataMock.swift */; };
		6436FDAD279DC4B300BDED6E /* TaskDataModel.swift in Sources */ = {isa = PBXBuildFile; fileRef = 6436FDAC279DC4B300BDED6E /* TaskDataModel.swift */; };
		643778B4281892560025D3D4 /* SelectContextView.swift in Sources */ = {isa = PBXBuildFile; fileRef = 643778B3281892560025D3D4 /* SelectContextView.swift */; };
		643778B62818AA230025D3D4 /* SelectContextCell.swift in Sources */ = {isa = PBXBuildFile; fileRef = 643778B52818AA230025D3D4 /* SelectContextCell.swift */; };
		643778B82818BDB40025D3D4 /* SearchBar.swift in Sources */ = {isa = PBXBuildFile; fileRef = 643778B72818BDB40025D3D4 /* SearchBar.swift */; };
		643D4D722839568B0033C083 /* SelectGoalView.swift in Sources */ = {isa = PBXBuildFile; fileRef = 643D4D712839568B0033C083 /* SelectGoalView.swift */; };
		643D4D74283958030033C083 /* SelectGoalCell.swift in Sources */ = {isa = PBXBuildFile; fileRef = 643D4D73283958030033C083 /* SelectGoalCell.swift */; };
		643D86452892DB0A0076D884 /* RecordRealm.swift in Sources */ = {isa = PBXBuildFile; fileRef = 643D86442892DB0A0076D884 /* RecordRealm.swift */; };
		644487F0288646DD0020A758 /* CustomTabbar.swift in Sources */ = {isa = PBXBuildFile; fileRef = 644487EF288646DD0020A758 /* CustomTabbar.swift */; };
		644487F228864F5D0020A758 /* CustomTabbarContainerView.swift in Sources */ = {isa = PBXBuildFile; fileRef = 644487F128864F5D0020A758 /* CustomTabbarContainerView.swift */; };
		644487F42886F51C0020A758 /* TabBarItemsPreferences.swift in Sources */ = {isa = PBXBuildFile; fileRef = 644487F32886F51C0020A758 /* TabBarItemsPreferences.swift */; };
		644487F62887077A0020A758 /* TabBarItem.swift in Sources */ = {isa = PBXBuildFile; fileRef = 644487F52887077A0020A758 /* TabBarItem.swift */; };
		644487F9288707970020A758 /* MainTabView.swift in Sources */ = {isa = PBXBuildFile; fileRef = 644487F8288707970020A758 /* MainTabView.swift */; };
		644487FC28875E9A0020A758 /* NotificationExtensions.swift in Sources */ = {isa = PBXBuildFile; fileRef = 644487FB28875E9A0020A758 /* NotificationExtensions.swift */; };
		644487FE288768F80020A758 /* TaskRealm.swift in Sources */ = {isa = PBXBuildFile; fileRef = 644487FD288768F80020A758 /* TaskRealm.swift */; };
		6444880028876DC80020A758 /* WeekDayObject.swift in Sources */ = {isa = PBXBuildFile; fileRef = 644487FF28876DC80020A758 /* WeekDayObject.swift */; };
		644D729D28D95D1D00A92F87 /* ActivityListCellView.swift in Sources */ = {isa = PBXBuildFile; fileRef = 644D729C28D95D1D00A92F87 /* ActivityListCellView.swift */; };
		6468A73B2889D18C0032DCD1 /* AdaptsToKeyboard.swift in Sources */ = {isa = PBXBuildFile; fileRef = 6468A73A2889D18C0032DCD1 /* AdaptsToKeyboard.swift */; };
		646A8712287DA48D00E18CE4 /* NewGoalView.swift in Sources */ = {isa = PBXBuildFile; fileRef = 646A8711287DA48D00E18CE4 /* NewGoalView.swift */; };
		646A8816287DD53F00E18CE4 /* StringExtensions.swift in Sources */ = {isa = PBXBuildFile; fileRef = 646A8815287DD53F00E18CE4 /* StringExtensions.swift */; };
		646A891A287E13EB00E18CE4 /* ModalHeaderView.swift in Sources */ = {isa = PBXBuildFile; fileRef = 646A8919287E13EB00E18CE4 /* ModalHeaderView.swift */; };
		646EA78F2894FC2A00A338F4 /* CircularProgressView.swift in Sources */ = {isa = PBXBuildFile; fileRef = 646EA78E2894FC2A00A338F4 /* CircularProgressView.swift */; };
		647F26F327AC203F00C70874 /* CoordinatorRegistration.swift in Sources */ = {isa = PBXBuildFile; fileRef = 647F26F227AC203F00C70874 /* CoordinatorRegistration.swift */; };
		647F26F527AC214D00C70874 /* Destination.swift in Sources */ = {isa = PBXBuildFile; fileRef = 647F26F427AC214D00C70874 /* Destination.swift */; };
		647F26F727AC266600C70874 /* Presentation.swift in Sources */ = {isa = PBXBuildFile; fileRef = 647F26F627AC266600C70874 /* Presentation.swift */; };
		647F283527AEC9B000C70874 /* AppCoordinator.swift in Sources */ = {isa = PBXBuildFile; fileRef = 647F283427AEC9B000C70874 /* AppCoordinator.swift */; };
		647F293A27AEFAB700C70874 /* AppTabView.swift in Sources */ = {isa = PBXBuildFile; fileRef = 64B8AEB0279DA4EF00BF47C5 /* AppTabView.swift */; };
		647F294027AF1F3B00C70874 /* HomeViewModel.swift in Sources */ = {isa = PBXBuildFile; fileRef = 647F293F27AF1F3B00C70874 /* HomeViewModel.swift */; };
		647F294227AF1F4F00C70874 /* ContextsListCoordinator.swift in Sources */ = {isa = PBXBuildFile; fileRef = 647F294127AF1F4F00C70874 /* ContextsListCoordinator.swift */; };
		647F294427AF1FBC00C70874 /* ContextListView.swift in Sources */ = {isa = PBXBuildFile; fileRef = 647F294327AF1FBC00C70874 /* ContextListView.swift */; };
		647F294927AF247300C70874 /* HomeDataManager.swift in Sources */ = {isa = PBXBuildFile; fileRef = 647F294827AF247300C70874 /* HomeDataManager.swift */; };
		648331D928B7CC0B00FDDB9E /* DeviderView.swift in Sources */ = {isa = PBXBuildFile; fileRef = 648331D828B7CC0B00FDDB9E /* DeviderView.swift */; };
		648331DB28B7CD5300FDDB9E /* PrimarySubmitButton.swift in Sources */ = {isa = PBXBuildFile; fileRef = 648331DA28B7CD5300FDDB9E /* PrimarySubmitButton.swift */; };
		648332D628B92C9500FDDB9E /* TextView.swift in Sources */ = {isa = PBXBuildFile; fileRef = 648332D528B92C9500FDDB9E /* TextView.swift */; };
		6483727E289597C200712190 /* SettingsView.swift in Sources */ = {isa = PBXBuildFile; fileRef = 6483727D289597C200712190 /* SettingsView.swift */; };
		64842BC2288F440D00A4AA2E /* TaskListViewMock.swift in Sources */ = {isa = PBXBuildFile; fileRef = 64842BC1288F440D00A4AA2E /* TaskListViewMock.swift */; };
		64842BC8288F6FE700A4AA2E /* WeekHeaderView.swift in Sources */ = {isa = PBXBuildFile; fileRef = 64842BC7288F6FE700A4AA2E /* WeekHeaderView.swift */; };
		64842BCA2890175D00A4AA2E /* CalendarExtensions.swift in Sources */ = {isa = PBXBuildFile; fileRef = 64842BC92890175D00A4AA2E /* CalendarExtensions.swift */; };
		64842BCC2890178D00A4AA2E /* DurarionBuilder.swift in Sources */ = {isa = PBXBuildFile; fileRef = 64842BCB2890178D00A4AA2E /* DurarionBuilder.swift */; };
		64842BCE2890185500A4AA2E /* TimeIntervalExtension.swift in Sources */ = {isa = PBXBuildFile; fileRef = 64842BCD2890185500A4AA2E /* TimeIntervalExtension.swift */; };
		64842BD028901E7600A4AA2E /* ContestsList.plist in Resources */ = {isa = PBXBuildFile; fileRef = 64842BCF28901E7600A4AA2E /* ContestsList.plist */; };
		6496DA282A37669300BB08EA /* LocalNotificationManager.swift in Sources */ = {isa = PBXBuildFile; fileRef = 6496DA272A37669300BB08EA /* LocalNotificationManager.swift */; };
		6496DA2A2A37A86C00BB08EA /* Injected.swift in Sources */ = {isa = PBXBuildFile; fileRef = 6496DA292A37A86C00BB08EA /* Injected.swift */; };
		6496DB4C2A37BCF600BB08EA /* reminder.wav in Resources */ = {isa = PBXBuildFile; fileRef = 6496DB4B2A37BCF600BB08EA /* reminder.wav */; };
		64996B522A25783C0016E59E /* ScrollSegmentControl.swift in Sources */ = {isa = PBXBuildFile; fileRef = 64996B512A25783C0016E59E /* ScrollSegmentControl.swift */; };
		64996B552A2578440016E59E /* Segment.swift in Sources */ = {isa = PBXBuildFile; fileRef = 64996B532A2578440016E59E /* Segment.swift */; };
		64996B562A2578440016E59E /* SegmentControlStyler.swift in Sources */ = {isa = PBXBuildFile; fileRef = 64996B542A2578440016E59E /* SegmentControlStyler.swift */; };
		6499885D2A31194200A0D909 /* TaskDetailsRowView.swift in Sources */ = {isa = PBXBuildFile; fileRef = 6499885C2A31194200A0D909 /* TaskDetailsRowView.swift */; };
		649F07D728B9E9F000BA9AA9 /* CustomLineShapeWithAlignment.swift in Sources */ = {isa = PBXBuildFile; fileRef = 649F07D628B9E9F000BA9AA9 /* CustomLineShapeWithAlignment.swift */; };
		649FB0822A2D813E005948CC /* ColoredToggleStyle.swift in Sources */ = {isa = PBXBuildFile; fileRef = 649FB0812A2D813E005948CC /* ColoredToggleStyle.swift */; };
		649FB0842A2E879A005948CC /* SelectContextSheetView.swift in Sources */ = {isa = PBXBuildFile; fileRef = 649FB0832A2E879A005948CC /* SelectContextSheetView.swift */; };
		649FB0862A2EC171005948CC /* InputError.swift in Sources */ = {isa = PBXBuildFile; fileRef = 649FB0852A2EC171005948CC /* InputError.swift */; };
		649FB0882A2F9312005948CC /* NewGoalViewModel.swift in Sources */ = {isa = PBXBuildFile; fileRef = 649FB0872A2F9312005948CC /* NewGoalViewModel.swift */; };
		649FB08A2A3012F8005948CC /* ViewModifiers.swift in Sources */ = {isa = PBXBuildFile; fileRef = 649FB0892A3012F8005948CC /* ViewModifiers.swift */; };
		649FB1AB2A30DB7C005948CC /* IsVisible.swift in Sources */ = {isa = PBXBuildFile; fileRef = 649FB1AA2A30DB7C005948CC /* IsVisible.swift */; };
		64A1038628820CD4000A6FE2 /* TaskCreationStep2ViewModel.swift in Sources */ = {isa = PBXBuildFile; fileRef = 64A1038528820CD4000A6FE2 /* TaskCreationStep2ViewModel.swift */; };
		64A1038828820CDF000A6FE2 /* TaskCreationStep2DataManager.swift in Sources */ = {isa = PBXBuildFile; fileRef = 64A1038728820CDF000A6FE2 /* TaskCreationStep2DataManager.swift */; };
		64A1038A28820CEA000A6FE2 /* TaskCreationStep2Mock.swift in Sources */ = {isa = PBXBuildFile; fileRef = 64A1038928820CEA000A6FE2 /* TaskCreationStep2Mock.swift */; };
		64A1038E28849908000A6FE2 /* CalendarSheet.swift in Sources */ = {isa = PBXBuildFile; fileRef = 64A1038D28849908000A6FE2 /* CalendarSheet.swift */; };
		64A8A3A8284075A80056EC08 /* ButtonStyle.swift in Sources */ = {isa = PBXBuildFile; fileRef = 64A8A3A7284075A80056EC08 /* ButtonStyle.swift */; };
		64A8A3AA284075EC0056EC08 /* ButtonExtensions.swift in Sources */ = {isa = PBXBuildFile; fileRef = 64A8A3A9284075EC0056EC08 /* ButtonExtensions.swift */; };
		64A8A3AE284076CF0056EC08 /* TaskCreationStep1View.swift in Sources */ = {isa = PBXBuildFile; fileRef = 64A8A3AD284076CF0056EC08 /* TaskCreationStep1View.swift */; };
		64A932FF28A7D50F006E1988 /* TaskStepsHeader.swift in Sources */ = {isa = PBXBuildFile; fileRef = 64A932FE28A7D50F006E1988 /* TaskStepsHeader.swift */; };
		64A9330128A7D57E006E1988 /* ActivityCreationViews.swift in Sources */ = {isa = PBXBuildFile; fileRef = 64A9330028A7D57E006E1988 /* ActivityCreationViews.swift */; };
		64A9330328A7D5C0006E1988 /* QuitHabitViews.swift in Sources */ = {isa = PBXBuildFile; fileRef = 64A9330228A7D5C0006E1988 /* QuitHabitViews.swift */; };
		64B8AEA3279DA3DC00BF47C5 /* Form1App.swift in Sources */ = {isa = PBXBuildFile; fileRef = 64B8AEA2279DA3DC00BF47C5 /* Form1App.swift */; };
		64B8AEA7279DA3E000BF47C5 /* Assets.xcassets in Resources */ = {isa = PBXBuildFile; fileRef = 64B8AEA6279DA3E000BF47C5 /* Assets.xcassets */; };
		64B8AEAA279DA3E000BF47C5 /* Preview Assets.xcassets in Resources */ = {isa = PBXBuildFile; fileRef = 64B8AEA9279DA3E000BF47C5 /* Preview Assets.xcassets */; };
		64B8AEB3279DADD200BF47C5 /* DataProvider.swift in Sources */ = {isa = PBXBuildFile; fileRef = 64B8AEB2279DADD200BF47C5 /* DataProvider.swift */; };
		64B8AEB6279DAFA000BF47C5 /* Realm in Frameworks */ = {isa = PBXBuildFile; productRef = 64B8AEB5279DAFA000BF47C5 /* Realm */; };
		64B8AEB8279DAFA000BF47C5 /* RealmSwift in Frameworks */ = {isa = PBXBuildFile; productRef = 64B8AEB7279DAFA000BF47C5 /* RealmSwift */; };
		64B8AEBB279DAFF500BF47C5 /* RealmDataProvider.swift in Sources */ = {isa = PBXBuildFile; fileRef = 64B8AEBA279DAFF500BF47C5 /* RealmDataProvider.swift */; };
		64B8AEBE279DB03400BF47C5 /* WeekViewModel.swift in Sources */ = {isa = PBXBuildFile; fileRef = 64B8AEBD279DB03400BF47C5 /* WeekViewModel.swift */; };
		64B8AEC0279DB04600BF47C5 /* WeekView.swift in Sources */ = {isa = PBXBuildFile; fileRef = 64B8AEBF279DB04600BF47C5 /* WeekView.swift */; };
		64B8AEC2279DB06200BF47C5 /* WeekDataManager.swift in Sources */ = {isa = PBXBuildFile; fileRef = 64B8AEC1279DB06200BF47C5 /* WeekDataManager.swift */; };
		64B8AECB279DB13100BF47C5 /* TodayModelTransformer.swift in Sources */ = {isa = PBXBuildFile; fileRef = 64B8AECA279DB13100BF47C5 /* TodayModelTransformer.swift */; };
		64C4E8B4284BA13600502D88 /* TaskCreationStep2View.swift in Sources */ = {isa = PBXBuildFile; fileRef = 64C4E8B3284BA13600502D88 /* TaskCreationStep2View.swift */; };
		64C4E8B6284BADFE00502D88 /* WeekDaysView.swift in Sources */ = {isa = PBXBuildFile; fileRef = 64C4E8B5284BADFE00502D88 /* WeekDaysView.swift */; };
		64C4E8B8284BB6CF00502D88 /* ChangeRepeatView.swift in Sources */ = {isa = PBXBuildFile; fileRef = 64C4E8B7284BB6CF00502D88 /* ChangeRepeatView.swift */; };
		64C4E8BA284CF7C800502D88 /* RepeatView.swift in Sources */ = {isa = PBXBuildFile; fileRef = 64C4E8B9284CF7C800502D88 /* RepeatView.swift */; };
		64C55038285F78E4000E9F61 /* ErrorLogger.swift in Sources */ = {isa = PBXBuildFile; fileRef = 64C55037285F78E4000E9F61 /* ErrorLogger.swift */; };
		64C5503A285F7907000E9F61 /* LocalDataProvider.swift in Sources */ = {isa = PBXBuildFile; fileRef = 64C55039285F7907000E9F61 /* LocalDataProvider.swift */; };
		64C5503C285F7BD2000E9F61 /* DataManager.swift in Sources */ = {isa = PBXBuildFile; fileRef = 64C5503B285F7BD2000E9F61 /* DataManager.swift */; };
		64C5503E285F8864000E9F61 /* SelectContextViewModel.swift in Sources */ = {isa = PBXBuildFile; fileRef = 64C5503D285F8864000E9F61 /* SelectContextViewModel.swift */; };
		64C5504128609120000E9F61 /* SelectContextMock.swift in Sources */ = {isa = PBXBuildFile; fileRef = 64C550402860911F000E9F61 /* SelectContextMock.swift */; };
		64C5504A28609ABE000E9F61 /* TaskCreationStep1ViewModel.swift in Sources */ = {isa = PBXBuildFile; fileRef = 64C5504928609ABE000E9F61 /* TaskCreationStep1ViewModel.swift */; };
		64C5504C28609AC6000E9F61 /* TaskCreationStep1DataManager.swift in Sources */ = {isa = PBXBuildFile; fileRef = 64C5504B28609AC6000E9F61 /* TaskCreationStep1DataManager.swift */; };
		64C5504E28609ADA000E9F61 /* TaskCreationStep1Mock.swift in Sources */ = {isa = PBXBuildFile; fileRef = 64C5504D28609ADA000E9F61 /* TaskCreationStep1Mock.swift */; };
		64C7727828850D1F0066F97B /* BottomSheetModifier.swift in Sources */ = {isa = PBXBuildFile; fileRef = 64C7727728850D1F0066F97B /* BottomSheetModifier.swift */; };
		64C7727A28850D470066F97B /* BottomSheetViewController.swift in Sources */ = {isa = PBXBuildFile; fileRef = 64C7727928850D470066F97B /* BottomSheetViewController.swift */; };
		64C7727C2885A8AF0066F97B /* DateExtensions.swift in Sources */ = {isa = PBXBuildFile; fileRef = 64C7727B2885A8AF0066F97B /* DateExtensions.swift */; };
		64C7727E2885BCAB0066F97B /* DurationSheet.swift in Sources */ = {isa = PBXBuildFile; fileRef = 64C7727D2885BCAB0066F97B /* DurationSheet.swift */; };
		64C773832885DABC0066F97B /* CollectionExtension.swift in Sources */ = {isa = PBXBuildFile; fileRef = 64C773822885DABC0066F97B /* CollectionExtension.swift */; };
		64C773852885DFC30066F97B /* InputCellTitleView.swift in Sources */ = {isa = PBXBuildFile; fileRef = 64C773842885DFC30066F97B /* InputCellTitleView.swift */; };
		64D7467227B8C918006A0C1C /* CardUIView.swift in Sources */ = {isa = PBXBuildFile; fileRef = 64D7467127B8C918006A0C1C /* CardUIView.swift */; };
		64D7467427B8CFD8006A0C1C /* ColorExtentions.swift in Sources */ = {isa = PBXBuildFile; fileRef = 64D7467327B8CFD8006A0C1C /* ColorExtentions.swift */; };
		64D7467927B8D451006A0C1C /* Vazir-Medium.ttf in Resources */ = {isa = PBXBuildFile; fileRef = 64D7467627B8D451006A0C1C /* Vazir-Medium.ttf */; };
		64D7467A27B8D451006A0C1C /* Vazir-Regular.ttf in Resources */ = {isa = PBXBuildFile; fileRef = 64D7467727B8D451006A0C1C /* Vazir-Regular.ttf */; };
		64D7467B27B8D451006A0C1C /* Vazir-Light.ttf in Resources */ = {isa = PBXBuildFile; fileRef = 64D7467827B8D451006A0C1C /* Vazir-Light.ttf */; };
		64D7467D27B8D4B8006A0C1C /* ScaledFont.swift in Sources */ = {isa = PBXBuildFile; fileRef = 64D7467C27B8D4B8006A0C1C /* ScaledFont.swift */; };
		64D8898F28407BC800975536 /* SegmentedPicker.swift in Sources */ = {isa = PBXBuildFile; fileRef = 64D8898E28407BC800975536 /* SegmentedPicker.swift */; };
		64D8899128407EE800975536 /* OneLineInputCell.swift in Sources */ = {isa = PBXBuildFile; fileRef = 64D8899028407EE800975536 /* OneLineInputCell.swift */; };
		64D88993284080B700975536 /* CustomTextField.swift in Sources */ = {isa = PBXBuildFile; fileRef = 64D88992284080B700975536 /* CustomTextField.swift */; };
		64DD210D2894C0FF0009FD08 /* HomeContextCellView.swift in Sources */ = {isa = PBXBuildFile; fileRef = 64DD210C2894C0FF0009FD08 /* HomeContextCellView.swift */; };
		64EA837C28A7E44A005ED007 /* ReminderCellView.swift in Sources */ = {isa = PBXBuildFile; fileRef = 64EA837B28A7E44A005ED007 /* ReminderCellView.swift */; };
		64EA837E28A7F986005ED007 /* ImageIcons.swift in Sources */ = {isa = PBXBuildFile; fileRef = 64EA837D28A7F986005ED007 /* ImageIcons.swift */; };
		64EA838828A80059005ED007 /* SwiftDate in Frameworks */ = {isa = PBXBuildFile; productRef = 64EA838728A80059005ED007 /* SwiftDate */; };
		64EA838A28A94266005ED007 /* AddReminderCellView.swift in Sources */ = {isa = PBXBuildFile; fileRef = 64EA838928A94266005ED007 /* AddReminderCellView.swift */; };
		64EA8B27285F651B009027DE /* SelectContextDataManager.swift in Sources */ = {isa = PBXBuildFile; fileRef = 64EA8B26285F651B009027DE /* SelectContextDataManager.swift */; };
		64EA8B2A285F6C2B009027DE /* ContextRealm.swift in Sources */ = {isa = PBXBuildFile; fileRef = 64EA8B29285F6C2B009027DE /* ContextRealm.swift */; };
		64FD2C0E2881BC9A007EC203 /* ColorSelectorView.swift in Sources */ = {isa = PBXBuildFile; fileRef = 64FD2C0D2881BC9A007EC203 /* ColorSelectorView.swift */; };
/* End PBXBuildFile section */

/* Begin PBXFileReference section */
		6400D64E2841C3B5005A6F79 /* CustomTextEitor.swift */ = {isa = PBXFileReference; lastKnownFileType = sourcecode.swift; path = CustomTextEitor.swift; sourceTree = "<group>"; };
		6400D6502841C54C005A6F79 /* MultipleLineInputCell.swift */ = {isa = PBXFileReference; lastKnownFileType = sourcecode.swift; path = MultipleLineInputCell.swift; sourceTree = "<group>"; };
		6400D6522844101A005A6F79 /* ViewExtesnion.swift */ = {isa = PBXFileReference; lastKnownFileType = sourcecode.swift; path = ViewExtesnion.swift; sourceTree = "<group>"; };
		6400D6542844F4CB005A6F79 /* CustomSelector.swift */ = {isa = PBXFileReference; lastKnownFileType = sourcecode.swift; path = CustomSelector.swift; sourceTree = "<group>"; };
		6400D6562844F691005A6F79 /* SelectorInputCell.swift */ = {isa = PBXFileReference; lastKnownFileType = sourcecode.swift; path = SelectorInputCell.swift; sourceTree = "<group>"; };
		6400D65928450B56005A6F79 /* TwoButtonsView.swift */ = {isa = PBXFileReference; lastKnownFileType = sourcecode.swift; path = TwoButtonsView.swift; sourceTree = "<group>"; };
		6400D65B28450BDD005A6F79 /* LocalizedString.swift */ = {isa = PBXFileReference; lastKnownFileType = sourcecode.swift; path = LocalizedString.swift; sourceTree = "<group>"; };
		6402878D28B1577100FCE2C8 /* ListExtensions.swift */ = {isa = PBXFileReference; lastKnownFileType = sourcecode.swift; path = ListExtensions.swift; sourceTree = "<group>"; };
		6402879028B15D3E00FCE2C8 /* DayTaskListEmtyView.swift */ = {isa = PBXFileReference; lastKnownFileType = sourcecode.swift; path = DayTaskListEmtyView.swift; sourceTree = "<group>"; };
		6402879328B17DF900FCE2C8 /* ProgressOverViewOverview.swift */ = {isa = PBXFileReference; lastKnownFileType = sourcecode.swift; path = ProgressOverViewOverview.swift; sourceTree = "<group>"; };
		6402879528B17E0800FCE2C8 /* HomeHeadLineView.swift */ = {isa = PBXFileReference; lastKnownFileType = sourcecode.swift; path = HomeHeadLineView.swift; sourceTree = "<group>"; };
		6402879728B17E6A00FCE2C8 /* HomeHeaderView.swift */ = {isa = PBXFileReference; lastKnownFileType = sourcecode.swift; path = HomeHeaderView.swift; sourceTree = "<group>"; };
		6402879928B17EEE00FCE2C8 /* WeekCircleView.swift */ = {isa = PBXFileReference; lastKnownFileType = sourcecode.swift; path = WeekCircleView.swift; sourceTree = "<group>"; };
		6402889528B5583700FCE2C8 /* TaskCreationHeader.swift */ = {isa = PBXFileReference; lastKnownFileType = sourcecode.swift; path = TaskCreationHeader.swift; sourceTree = "<group>"; };
		6402889828B5617F00FCE2C8 /* VerticalSpaceView.swift */ = {isa = PBXFileReference; lastKnownFileType = sourcecode.swift; path = VerticalSpaceView.swift; sourceTree = "<group>"; };
		640B8E0B27CECDB000177ADF /* ProgressBar.swift */ = {isa = PBXFileReference; lastKnownFileType = sourcecode.swift; path = ProgressBar.swift; sourceTree = "<group>"; };
		640B8E0E27CECE1F00177ADF /* LabelDisplayModel.swift */ = {isa = PBXFileReference; lastKnownFileType = sourcecode.swift; path = LabelDisplayModel.swift; sourceTree = "<group>"; };
		640B8E1027CECE5A00177ADF /* LabelStyle.swift */ = {isa = PBXFileReference; lastKnownFileType = sourcecode.swift; path = LabelStyle.swift; sourceTree = "<group>"; };
		640B8E1327CECEB300177ADF /* PublicTheme.swift */ = {isa = PBXFileReference; lastKnownFileType = sourcecode.swift; path = PublicTheme.swift; sourceTree = "<group>"; };
		640B8E1527CECF2100177ADF /* CardTitleStackView.swift */ = {isa = PBXFileReference; lastKnownFileType = sourcecode.swift; path = CardTitleStackView.swift; sourceTree = "<group>"; };
		640B8E1827CECF6B00177ADF /* CardDisplayModel.swift */ = {isa = PBXFileReference; lastKnownFileType = sourcecode.swift; path = CardDisplayModel.swift; sourceTree = "<group>"; };
		640B8E1B27CECFA700177ADF /* TextExtensions.swift */ = {isa = PBXFileReference; lastKnownFileType = sourcecode.swift; path = TextExtensions.swift; sourceTree = "<group>"; };
		640C8715288898F900A2DBE9 /* MyCustomTabBarView.swift */ = {isa = PBXFileReference; lastKnownFileType = sourcecode.swift; path = MyCustomTabBarView.swift; sourceTree = "<group>"; };
		642CB191287AFD7A004AF8DA /* BindingExtension.swift */ = {isa = PBXFileReference; lastKnownFileType = sourcecode.swift; path = BindingExtension.swift; sourceTree = "<group>"; };
		642CB193287C4202004AF8DA /* GoalRealm.swift */ = {isa = PBXFileReference; lastKnownFileType = sourcecode.swift; path = GoalRealm.swift; sourceTree = "<group>"; };
		642CB195287C42F5004AF8DA /* DetachableObject.swift */ = {isa = PBXFileReference; lastKnownFileType = sourcecode.swift; path = DetachableObject.swift; sourceTree = "<group>"; };
		642CB197287C4407004AF8DA /* SelectGoalDataManager.swift */ = {isa = PBXFileReference; lastKnownFileType = sourcecode.swift; path = SelectGoalDataManager.swift; sourceTree = "<group>"; };
		642CB199287C4410004AF8DA /* SelectGoalViewModel.swift */ = {isa = PBXFileReference; lastKnownFileType = sourcecode.swift; path = SelectGoalViewModel.swift; sourceTree = "<group>"; };
		642CB19B287C441F004AF8DA /* SelectGoalMock.swift */ = {isa = PBXFileReference; lastKnownFileType = sourcecode.swift; path = SelectGoalMock.swift; sourceTree = "<group>"; };
		642CB19D287C451D004AF8DA /* DataEntryDataModel.swift */ = {isa = PBXFileReference; lastKnownFileType = sourcecode.swift; path = DataEntryDataModel.swift; sourceTree = "<group>"; };
		642CB19F287C453D004AF8DA /* ContextDataModel.swift */ = {isa = PBXFileReference; lastKnownFileType = sourcecode.swift; path = ContextDataModel.swift; sourceTree = "<group>"; };
		642CB1A1287C4573004AF8DA /* GoalDataModel.swift */ = {isa = PBXFileReference; lastKnownFileType = sourcecode.swift; path = GoalDataModel.swift; sourceTree = "<group>"; };
		642D2B2A2897297F00500670 /* DateExtension_forfuture.swift */ = {isa = PBXFileReference; lastKnownFileType = sourcecode.swift; path = DateExtension_forfuture.swift; sourceTree = "<group>"; };
		642D2B2C289729AA00500670 /* DateHelper.swift */ = {isa = PBXFileReference; lastKnownFileType = sourcecode.swift; path = DateHelper.swift; sourceTree = "<group>"; };
		642D2B2E28972A2500500670 /* DateFormatterExtensions.swift */ = {isa = PBXFileReference; lastKnownFileType = sourcecode.swift; path = DateFormatterExtensions.swift; sourceTree = "<group>"; };
		642D2B342898012300500670 /* TaskDetailView.swift */ = {isa = PBXFileReference; lastKnownFileType = sourcecode.swift; path = TaskDetailView.swift; sourceTree = "<group>"; };
		642D2B3628980A8900500670 /* TaskDetailContext.swift */ = {isa = PBXFileReference; fileEncoding = 4; lastKnownFileType = sourcecode.swift; path = TaskDetailContext.swift; sourceTree = "<group>"; };
		642D2B3A28980A9400500670 /* TaskDetailDataManager.swift */ = {isa = PBXFileReference; fileEncoding = 4; lastKnownFileType = sourcecode.swift; path = TaskDetailDataManager.swift; sourceTree = "<group>"; };
		642D2B3C28980AA200500670 /* TaskDetailViewModel.swift */ = {isa = PBXFileReference; fileEncoding = 4; lastKnownFileType = sourcecode.swift; path = TaskDetailViewModel.swift; sourceTree = "<group>"; };
		6432D3A528ABF3C500B5763A /* ReminerSheet.swift */ = {isa = PBXFileReference; lastKnownFileType = sourcecode.swift; path = ReminerSheet.swift; sourceTree = "<group>"; };
		6432D3A728AC209400B5763A /* ReminderView.swift */ = {isa = PBXFileReference; lastKnownFileType = sourcecode.swift; path = ReminderView.swift; sourceTree = "<group>"; };
		6432D3A928AC2BC800B5763A /* TaskDetailDataMock.swift */ = {isa = PBXFileReference; lastKnownFileType = sourcecode.swift; path = TaskDetailDataMock.swift; sourceTree = "<group>"; };
		6435414128D2797300449DC3 /* LineSegmentPicker.swift */ = {isa = PBXFileReference; lastKnownFileType = sourcecode.swift; path = LineSegmentPicker.swift; sourceTree = "<group>"; };
		6435414428D27E9500449DC3 /* GoalsListView.swift */ = {isa = PBXFileReference; lastKnownFileType = sourcecode.swift; path = GoalsListView.swift; sourceTree = "<group>"; };
		6435414628D27ED000449DC3 /* GoalsListViewModel.swift */ = {isa = PBXFileReference; lastKnownFileType = sourcecode.swift; path = GoalsListViewModel.swift; sourceTree = "<group>"; };
		6435414828D2814300449DC3 /* ActivityListCoordinator.swift */ = {isa = PBXFileReference; lastKnownFileType = sourcecode.swift; path = ActivityListCoordinator.swift; sourceTree = "<group>"; };
		6435414A28D2816400449DC3 /* ActivityListDataManager.swift */ = {isa = PBXFileReference; lastKnownFileType = sourcecode.swift; path = ActivityListDataManager.swift; sourceTree = "<group>"; };
		6435414C28D3661C00449DC3 /* ActivityListDataMock.swift */ = {isa = PBXFileReference; lastKnownFileType = sourcecode.swift; path = ActivityListDataMock.swift; sourceTree = "<group>"; };
		6436FDAC279DC4B300BDED6E /* TaskDataModel.swift */ = {isa = PBXFileReference; lastKnownFileType = sourcecode.swift; path = TaskDataModel.swift; sourceTree = "<group>"; };
		643778B3281892560025D3D4 /* SelectContextView.swift */ = {isa = PBXFileReference; lastKnownFileType = sourcecode.swift; path = SelectContextView.swift; sourceTree = "<group>"; };
		643778B52818AA230025D3D4 /* SelectContextCell.swift */ = {isa = PBXFileReference; lastKnownFileType = sourcecode.swift; path = SelectContextCell.swift; sourceTree = "<group>"; };
		643778B72818BDB40025D3D4 /* SearchBar.swift */ = {isa = PBXFileReference; lastKnownFileType = sourcecode.swift; path = SearchBar.swift; sourceTree = "<group>"; };
		643D4D712839568B0033C083 /* SelectGoalView.swift */ = {isa = PBXFileReference; lastKnownFileType = sourcecode.swift; path = SelectGoalView.swift; sourceTree = "<group>"; };
		643D4D73283958030033C083 /* SelectGoalCell.swift */ = {isa = PBXFileReference; lastKnownFileType = sourcecode.swift; path = SelectGoalCell.swift; sourceTree = "<group>"; };
		643D86442892DB0A0076D884 /* RecordRealm.swift */ = {isa = PBXFileReference; lastKnownFileType = sourcecode.swift; path = RecordRealm.swift; sourceTree = "<group>"; };
		644487EF288646DD0020A758 /* CustomTabbar.swift */ = {isa = PBXFileReference; lastKnownFileType = sourcecode.swift; path = CustomTabbar.swift; sourceTree = "<group>"; };
		644487F128864F5D0020A758 /* CustomTabbarContainerView.swift */ = {isa = PBXFileReference; lastKnownFileType = sourcecode.swift; path = CustomTabbarContainerView.swift; sourceTree = "<group>"; };
		644487F32886F51C0020A758 /* TabBarItemsPreferences.swift */ = {isa = PBXFileReference; lastKnownFileType = sourcecode.swift; path = TabBarItemsPreferences.swift; sourceTree = "<group>"; };
		644487F52887077A0020A758 /* TabBarItem.swift */ = {isa = PBXFileReference; lastKnownFileType = sourcecode.swift; path = TabBarItem.swift; sourceTree = "<group>"; };
		644487F8288707970020A758 /* MainTabView.swift */ = {isa = PBXFileReference; lastKnownFileType = sourcecode.swift; path = MainTabView.swift; sourceTree = "<group>"; };
		644487FB28875E9A0020A758 /* NotificationExtensions.swift */ = {isa = PBXFileReference; lastKnownFileType = sourcecode.swift; path = NotificationExtensions.swift; sourceTree = "<group>"; };
		644487FD288768F80020A758 /* TaskRealm.swift */ = {isa = PBXFileReference; lastKnownFileType = sourcecode.swift; path = TaskRealm.swift; sourceTree = "<group>"; };
		644487FF28876DC80020A758 /* WeekDayObject.swift */ = {isa = PBXFileReference; lastKnownFileType = sourcecode.swift; path = WeekDayObject.swift; sourceTree = "<group>"; };
		644D729C28D95D1D00A92F87 /* ActivityListCellView.swift */ = {isa = PBXFileReference; lastKnownFileType = sourcecode.swift; path = ActivityListCellView.swift; sourceTree = "<group>"; };
		6468A73A2889D18C0032DCD1 /* AdaptsToKeyboard.swift */ = {isa = PBXFileReference; lastKnownFileType = sourcecode.swift; path = AdaptsToKeyboard.swift; sourceTree = "<group>"; };
		646A8711287DA48D00E18CE4 /* NewGoalView.swift */ = {isa = PBXFileReference; lastKnownFileType = sourcecode.swift; path = NewGoalView.swift; sourceTree = "<group>"; };
		646A8815287DD53F00E18CE4 /* StringExtensions.swift */ = {isa = PBXFileReference; lastKnownFileType = sourcecode.swift; path = StringExtensions.swift; sourceTree = "<group>"; };
		646A8919287E13EB00E18CE4 /* ModalHeaderView.swift */ = {isa = PBXFileReference; lastKnownFileType = sourcecode.swift; path = ModalHeaderView.swift; sourceTree = "<group>"; };
		646EA78E2894FC2A00A338F4 /* CircularProgressView.swift */ = {isa = PBXFileReference; lastKnownFileType = sourcecode.swift; path = CircularProgressView.swift; sourceTree = "<group>"; };
		647F26F227AC203F00C70874 /* CoordinatorRegistration.swift */ = {isa = PBXFileReference; lastKnownFileType = sourcecode.swift; path = CoordinatorRegistration.swift; sourceTree = "<group>"; };
		647F26F427AC214D00C70874 /* Destination.swift */ = {isa = PBXFileReference; lastKnownFileType = sourcecode.swift; path = Destination.swift; sourceTree = "<group>"; };
		647F26F627AC266600C70874 /* Presentation.swift */ = {isa = PBXFileReference; lastKnownFileType = sourcecode.swift; path = Presentation.swift; sourceTree = "<group>"; };
		647F283427AEC9B000C70874 /* AppCoordinator.swift */ = {isa = PBXFileReference; lastKnownFileType = sourcecode.swift; path = AppCoordinator.swift; sourceTree = "<group>"; };
		647F293F27AF1F3B00C70874 /* HomeViewModel.swift */ = {isa = PBXFileReference; lastKnownFileType = sourcecode.swift; path = HomeViewModel.swift; sourceTree = "<group>"; };
		647F294127AF1F4F00C70874 /* ContextsListCoordinator.swift */ = {isa = PBXFileReference; lastKnownFileType = sourcecode.swift; path = ContextsListCoordinator.swift; sourceTree = "<group>"; };
		647F294327AF1FBC00C70874 /* ContextListView.swift */ = {isa = PBXFileReference; lastKnownFileType = sourcecode.swift; path = ContextListView.swift; sourceTree = "<group>"; };
		647F294827AF247300C70874 /* HomeDataManager.swift */ = {isa = PBXFileReference; lastKnownFileType = sourcecode.swift; path = HomeDataManager.swift; sourceTree = "<group>"; };
		648331D828B7CC0B00FDDB9E /* DeviderView.swift */ = {isa = PBXFileReference; lastKnownFileType = sourcecode.swift; path = DeviderView.swift; sourceTree = "<group>"; };
		648331DA28B7CD5300FDDB9E /* PrimarySubmitButton.swift */ = {isa = PBXFileReference; lastKnownFileType = sourcecode.swift; path = PrimarySubmitButton.swift; sourceTree = "<group>"; };
		648332D528B92C9500FDDB9E /* TextView.swift */ = {isa = PBXFileReference; lastKnownFileType = sourcecode.swift; path = TextView.swift; sourceTree = "<group>"; };
		6483727D289597C200712190 /* SettingsView.swift */ = {isa = PBXFileReference; lastKnownFileType = sourcecode.swift; path = SettingsView.swift; sourceTree = "<group>"; };
		64842BC1288F440D00A4AA2E /* TaskListViewMock.swift */ = {isa = PBXFileReference; lastKnownFileType = sourcecode.swift; path = TaskListViewMock.swift; sourceTree = "<group>"; };
		64842BC7288F6FE700A4AA2E /* WeekHeaderView.swift */ = {isa = PBXFileReference; lastKnownFileType = sourcecode.swift; path = WeekHeaderView.swift; sourceTree = "<group>"; };
		64842BC92890175D00A4AA2E /* CalendarExtensions.swift */ = {isa = PBXFileReference; lastKnownFileType = sourcecode.swift; path = CalendarExtensions.swift; sourceTree = "<group>"; };
		64842BCB2890178D00A4AA2E /* DurarionBuilder.swift */ = {isa = PBXFileReference; lastKnownFileType = sourcecode.swift; path = DurarionBuilder.swift; sourceTree = "<group>"; };
		64842BCD2890185500A4AA2E /* TimeIntervalExtension.swift */ = {isa = PBXFileReference; lastKnownFileType = sourcecode.swift; path = TimeIntervalExtension.swift; sourceTree = "<group>"; };
		64842BCF28901E7600A4AA2E /* ContestsList.plist */ = {isa = PBXFileReference; fileEncoding = 4; lastKnownFileType = text.plist.xml; path = ContestsList.plist; sourceTree = "<group>"; };
		6496DA272A37669300BB08EA /* LocalNotificationManager.swift */ = {isa = PBXFileReference; lastKnownFileType = sourcecode.swift; path = LocalNotificationManager.swift; sourceTree = "<group>"; };
		6496DA292A37A86C00BB08EA /* Injected.swift */ = {isa = PBXFileReference; lastKnownFileType = sourcecode.swift; path = Injected.swift; sourceTree = "<group>"; };
		6496DB4B2A37BCF600BB08EA /* reminder.wav */ = {isa = PBXFileReference; lastKnownFileType = audio.wav; path = reminder.wav; sourceTree = "<group>"; };
		64996B512A25783C0016E59E /* ScrollSegmentControl.swift */ = {isa = PBXFileReference; fileEncoding = 4; lastKnownFileType = sourcecode.swift; path = ScrollSegmentControl.swift; sourceTree = "<group>"; };
		64996B532A2578440016E59E /* Segment.swift */ = {isa = PBXFileReference; fileEncoding = 4; lastKnownFileType = sourcecode.swift; path = Segment.swift; sourceTree = "<group>"; };
		64996B542A2578440016E59E /* SegmentControlStyler.swift */ = {isa = PBXFileReference; fileEncoding = 4; lastKnownFileType = sourcecode.swift; path = SegmentControlStyler.swift; sourceTree = "<group>"; };
		6499885C2A31194200A0D909 /* TaskDetailsRowView.swift */ = {isa = PBXFileReference; lastKnownFileType = sourcecode.swift; path = TaskDetailsRowView.swift; sourceTree = "<group>"; };
		649F07D628B9E9F000BA9AA9 /* CustomLineShapeWithAlignment.swift */ = {isa = PBXFileReference; lastKnownFileType = sourcecode.swift; path = CustomLineShapeWithAlignment.swift; sourceTree = "<group>"; };
		649FB0812A2D813E005948CC /* ColoredToggleStyle.swift */ = {isa = PBXFileReference; lastKnownFileType = sourcecode.swift; path = ColoredToggleStyle.swift; sourceTree = "<group>"; };
		649FB0832A2E879A005948CC /* SelectContextSheetView.swift */ = {isa = PBXFileReference; lastKnownFileType = sourcecode.swift; path = SelectContextSheetView.swift; sourceTree = "<group>"; };
		649FB0852A2EC171005948CC /* InputError.swift */ = {isa = PBXFileReference; lastKnownFileType = sourcecode.swift; path = InputError.swift; sourceTree = "<group>"; };
		649FB0872A2F9312005948CC /* NewGoalViewModel.swift */ = {isa = PBXFileReference; lastKnownFileType = sourcecode.swift; path = NewGoalViewModel.swift; sourceTree = "<group>"; };
		649FB0892A3012F8005948CC /* ViewModifiers.swift */ = {isa = PBXFileReference; lastKnownFileType = sourcecode.swift; path = ViewModifiers.swift; sourceTree = "<group>"; };
		649FB1AA2A30DB7C005948CC /* IsVisible.swift */ = {isa = PBXFileReference; lastKnownFileType = sourcecode.swift; path = IsVisible.swift; sourceTree = "<group>"; };
		64A1038528820CD4000A6FE2 /* TaskCreationStep2ViewModel.swift */ = {isa = PBXFileReference; lastKnownFileType = sourcecode.swift; path = TaskCreationStep2ViewModel.swift; sourceTree = "<group>"; };
		64A1038728820CDF000A6FE2 /* TaskCreationStep2DataManager.swift */ = {isa = PBXFileReference; lastKnownFileType = sourcecode.swift; path = TaskCreationStep2DataManager.swift; sourceTree = "<group>"; };
		64A1038928820CEA000A6FE2 /* TaskCreationStep2Mock.swift */ = {isa = PBXFileReference; lastKnownFileType = sourcecode.swift; path = TaskCreationStep2Mock.swift; sourceTree = "<group>"; };
		64A1038D28849908000A6FE2 /* CalendarSheet.swift */ = {isa = PBXFileReference; lastKnownFileType = sourcecode.swift; path = CalendarSheet.swift; sourceTree = "<group>"; };
		64A8A3A7284075A80056EC08 /* ButtonStyle.swift */ = {isa = PBXFileReference; lastKnownFileType = sourcecode.swift; path = ButtonStyle.swift; sourceTree = "<group>"; };
		64A8A3A9284075EC0056EC08 /* ButtonExtensions.swift */ = {isa = PBXFileReference; lastKnownFileType = sourcecode.swift; path = ButtonExtensions.swift; sourceTree = "<group>"; };
		64A8A3AD284076CF0056EC08 /* TaskCreationStep1View.swift */ = {isa = PBXFileReference; lastKnownFileType = sourcecode.swift; path = TaskCreationStep1View.swift; sourceTree = "<group>"; };
		64A932FE28A7D50F006E1988 /* TaskStepsHeader.swift */ = {isa = PBXFileReference; lastKnownFileType = sourcecode.swift; path = TaskStepsHeader.swift; sourceTree = "<group>"; };
		64A9330028A7D57E006E1988 /* ActivityCreationViews.swift */ = {isa = PBXFileReference; lastKnownFileType = sourcecode.swift; path = ActivityCreationViews.swift; sourceTree = "<group>"; };
		64A9330228A7D5C0006E1988 /* QuitHabitViews.swift */ = {isa = PBXFileReference; lastKnownFileType = sourcecode.swift; path = QuitHabitViews.swift; sourceTree = "<group>"; };
		64B8AE9F279DA3DC00BF47C5 /* forMe From.app */ = {isa = PBXFileReference; explicitFileType = wrapper.application; includeInIndex = 0; path = "forMe From.app"; sourceTree = BUILT_PRODUCTS_DIR; };
		64B8AEA2279DA3DC00BF47C5 /* Form1App.swift */ = {isa = PBXFileReference; lastKnownFileType = sourcecode.swift; path = Form1App.swift; sourceTree = "<group>"; };
		64B8AEA6279DA3E000BF47C5 /* Assets.xcassets */ = {isa = PBXFileReference; lastKnownFileType = folder.assetcatalog; path = Assets.xcassets; sourceTree = "<group>"; };
		64B8AEA9279DA3E000BF47C5 /* Preview Assets.xcassets */ = {isa = PBXFileReference; lastKnownFileType = folder.assetcatalog; path = "Preview Assets.xcassets"; sourceTree = "<group>"; };
		64B8AEB0279DA4EF00BF47C5 /* AppTabView.swift */ = {isa = PBXFileReference; lastKnownFileType = sourcecode.swift; path = AppTabView.swift; sourceTree = "<group>"; };
		64B8AEB2279DADD200BF47C5 /* DataProvider.swift */ = {isa = PBXFileReference; lastKnownFileType = sourcecode.swift; path = DataProvider.swift; sourceTree = "<group>"; };
		64B8AEBA279DAFF500BF47C5 /* RealmDataProvider.swift */ = {isa = PBXFileReference; lastKnownFileType = sourcecode.swift; path = RealmDataProvider.swift; sourceTree = "<group>"; };
		64B8AEBD279DB03400BF47C5 /* WeekViewModel.swift */ = {isa = PBXFileReference; lastKnownFileType = sourcecode.swift; path = WeekViewModel.swift; sourceTree = "<group>"; };
		64B8AEBF279DB04600BF47C5 /* WeekView.swift */ = {isa = PBXFileReference; lastKnownFileType = sourcecode.swift; path = WeekView.swift; sourceTree = "<group>"; };
		64B8AEC1279DB06200BF47C5 /* WeekDataManager.swift */ = {isa = PBXFileReference; lastKnownFileType = sourcecode.swift; path = WeekDataManager.swift; sourceTree = "<group>"; };
		64B8AECA279DB13100BF47C5 /* TodayModelTransformer.swift */ = {isa = PBXFileReference; lastKnownFileType = sourcecode.swift; path = TodayModelTransformer.swift; sourceTree = "<group>"; };
		64C4E8B3284BA13600502D88 /* TaskCreationStep2View.swift */ = {isa = PBXFileReference; lastKnownFileType = sourcecode.swift; path = TaskCreationStep2View.swift; sourceTree = "<group>"; };
		64C4E8B5284BADFE00502D88 /* WeekDaysView.swift */ = {isa = PBXFileReference; lastKnownFileType = sourcecode.swift; path = WeekDaysView.swift; sourceTree = "<group>"; };
		64C4E8B7284BB6CF00502D88 /* ChangeRepeatView.swift */ = {isa = PBXFileReference; lastKnownFileType = sourcecode.swift; path = ChangeRepeatView.swift; sourceTree = "<group>"; };
		64C4E8B9284CF7C800502D88 /* RepeatView.swift */ = {isa = PBXFileReference; lastKnownFileType = sourcecode.swift; path = RepeatView.swift; sourceTree = "<group>"; };
		64C55037285F78E4000E9F61 /* ErrorLogger.swift */ = {isa = PBXFileReference; lastKnownFileType = sourcecode.swift; path = ErrorLogger.swift; sourceTree = "<group>"; };
		64C55039285F7907000E9F61 /* LocalDataProvider.swift */ = {isa = PBXFileReference; lastKnownFileType = sourcecode.swift; path = LocalDataProvider.swift; sourceTree = "<group>"; };
		64C5503B285F7BD2000E9F61 /* DataManager.swift */ = {isa = PBXFileReference; lastKnownFileType = sourcecode.swift; path = DataManager.swift; sourceTree = "<group>"; };
		64C5503D285F8864000E9F61 /* SelectContextViewModel.swift */ = {isa = PBXFileReference; lastKnownFileType = sourcecode.swift; path = SelectContextViewModel.swift; sourceTree = "<group>"; };
		64C550402860911F000E9F61 /* SelectContextMock.swift */ = {isa = PBXFileReference; lastKnownFileType = sourcecode.swift; path = SelectContextMock.swift; sourceTree = "<group>"; };
		64C5504928609ABE000E9F61 /* TaskCreationStep1ViewModel.swift */ = {isa = PBXFileReference; lastKnownFileType = sourcecode.swift; path = TaskCreationStep1ViewModel.swift; sourceTree = "<group>"; };
		64C5504B28609AC6000E9F61 /* TaskCreationStep1DataManager.swift */ = {isa = PBXFileReference; lastKnownFileType = sourcecode.swift; path = TaskCreationStep1DataManager.swift; sourceTree = "<group>"; };
		64C5504D28609ADA000E9F61 /* TaskCreationStep1Mock.swift */ = {isa = PBXFileReference; lastKnownFileType = sourcecode.swift; path = TaskCreationStep1Mock.swift; sourceTree = "<group>"; };
		64C7727728850D1F0066F97B /* BottomSheetModifier.swift */ = {isa = PBXFileReference; fileEncoding = 4; lastKnownFileType = sourcecode.swift; path = BottomSheetModifier.swift; sourceTree = "<group>"; };
		64C7727928850D470066F97B /* BottomSheetViewController.swift */ = {isa = PBXFileReference; fileEncoding = 4; lastKnownFileType = sourcecode.swift; path = BottomSheetViewController.swift; sourceTree = "<group>"; };
		64C7727B2885A8AF0066F97B /* DateExtensions.swift */ = {isa = PBXFileReference; lastKnownFileType = sourcecode.swift; path = DateExtensions.swift; sourceTree = "<group>"; };
		64C7727D2885BCAB0066F97B /* DurationSheet.swift */ = {isa = PBXFileReference; lastKnownFileType = sourcecode.swift; path = DurationSheet.swift; sourceTree = "<group>"; };
		64C773822885DABC0066F97B /* CollectionExtension.swift */ = {isa = PBXFileReference; lastKnownFileType = sourcecode.swift; path = CollectionExtension.swift; sourceTree = "<group>"; };
		64C773842885DFC30066F97B /* InputCellTitleView.swift */ = {isa = PBXFileReference; lastKnownFileType = sourcecode.swift; path = InputCellTitleView.swift; sourceTree = "<group>"; };
		64D7467127B8C918006A0C1C /* CardUIView.swift */ = {isa = PBXFileReference; lastKnownFileType = sourcecode.swift; path = CardUIView.swift; sourceTree = "<group>"; };
		64D7467327B8CFD8006A0C1C /* ColorExtentions.swift */ = {isa = PBXFileReference; lastKnownFileType = sourcecode.swift; path = ColorExtentions.swift; sourceTree = "<group>"; };
		64D7467627B8D451006A0C1C /* Vazir-Medium.ttf */ = {isa = PBXFileReference; lastKnownFileType = file; path = "Vazir-Medium.ttf"; sourceTree = "<group>"; };
		64D7467727B8D451006A0C1C /* Vazir-Regular.ttf */ = {isa = PBXFileReference; lastKnownFileType = file; path = "Vazir-Regular.ttf"; sourceTree = "<group>"; };
		64D7467827B8D451006A0C1C /* Vazir-Light.ttf */ = {isa = PBXFileReference; lastKnownFileType = file; path = "Vazir-Light.ttf"; sourceTree = "<group>"; };
		64D7467C27B8D4B8006A0C1C /* ScaledFont.swift */ = {isa = PBXFileReference; lastKnownFileType = sourcecode.swift; path = ScaledFont.swift; sourceTree = "<group>"; };
		64D7467E27B8D693006A0C1C /* Info.plist */ = {isa = PBXFileReference; lastKnownFileType = text.plist; path = Info.plist; sourceTree = "<group>"; };
		64D8898E28407BC800975536 /* SegmentedPicker.swift */ = {isa = PBXFileReference; lastKnownFileType = sourcecode.swift; path = SegmentedPicker.swift; sourceTree = "<group>"; };
		64D8899028407EE800975536 /* OneLineInputCell.swift */ = {isa = PBXFileReference; lastKnownFileType = sourcecode.swift; path = OneLineInputCell.swift; sourceTree = "<group>"; };
		64D88992284080B700975536 /* CustomTextField.swift */ = {isa = PBXFileReference; lastKnownFileType = sourcecode.swift; path = CustomTextField.swift; sourceTree = "<group>"; };
		64DD210C2894C0FF0009FD08 /* HomeContextCellView.swift */ = {isa = PBXFileReference; lastKnownFileType = sourcecode.swift; path = HomeContextCellView.swift; sourceTree = "<group>"; };
		64EA837B28A7E44A005ED007 /* ReminderCellView.swift */ = {isa = PBXFileReference; lastKnownFileType = sourcecode.swift; path = ReminderCellView.swift; sourceTree = "<group>"; };
		64EA837D28A7F986005ED007 /* ImageIcons.swift */ = {isa = PBXFileReference; lastKnownFileType = sourcecode.swift; path = ImageIcons.swift; sourceTree = "<group>"; };
		64EA838928A94266005ED007 /* AddReminderCellView.swift */ = {isa = PBXFileReference; lastKnownFileType = sourcecode.swift; path = AddReminderCellView.swift; sourceTree = "<group>"; };
		64EA8B26285F651B009027DE /* SelectContextDataManager.swift */ = {isa = PBXFileReference; lastKnownFileType = sourcecode.swift; path = SelectContextDataManager.swift; sourceTree = "<group>"; };
		64EA8B29285F6C2B009027DE /* ContextRealm.swift */ = {isa = PBXFileReference; lastKnownFileType = sourcecode.swift; path = ContextRealm.swift; sourceTree = "<group>"; };
		64FD2C0D2881BC9A007EC203 /* ColorSelectorView.swift */ = {isa = PBXFileReference; lastKnownFileType = sourcecode.swift; path = ColorSelectorView.swift; sourceTree = "<group>"; };
/* End PBXFileReference section */

/* Begin PBXFrameworksBuildPhase section */
		64B8AE9C279DA3DC00BF47C5 /* Frameworks */ = {
			isa = PBXFrameworksBuildPhase;
			buildActionMask = 2147483647;
			files = (
				64EA838828A80059005ED007 /* SwiftDate in Frameworks */,
				64B8AEB8279DAFA000BF47C5 /* RealmSwift in Frameworks */,
				64B8AEB6279DAFA000BF47C5 /* Realm in Frameworks */,
			);
			runOnlyForDeploymentPostprocessing = 0;
		};
/* End PBXFrameworksBuildPhase section */

/* Begin PBXGroup section */
		6400D6582844F852005A6F79 /* Cells */ = {
			isa = PBXGroup;
			children = (
				64D8899028407EE800975536 /* OneLineInputCell.swift */,
				6400D6502841C54C005A6F79 /* MultipleLineInputCell.swift */,
				6400D6562844F691005A6F79 /* SelectorInputCell.swift */,
				64C773842885DFC30066F97B /* InputCellTitleView.swift */,
			);
			path = Cells;
			sourceTree = "<group>";
		};
		6402878F28B15D2D00FCE2C8 /* Views */ = {
			isa = PBXGroup;
			children = (
				64B8AEBF279DB04600BF47C5 /* WeekView.swift */,
				64842BC7288F6FE700A4AA2E /* WeekHeaderView.swift */,
				6402879028B15D3E00FCE2C8 /* DayTaskListEmtyView.swift */,
			);
			path = Views;
			sourceTree = "<group>";
		};
		6402879228B17DDE00FCE2C8 /* Views */ = {
			isa = PBXGroup;
			children = (
				647F294327AF1FBC00C70874 /* ContextListView.swift */,
				6402879328B17DF900FCE2C8 /* ProgressOverViewOverview.swift */,
				6402879528B17E0800FCE2C8 /* HomeHeadLineView.swift */,
				6402879728B17E6A00FCE2C8 /* HomeHeaderView.swift */,
				6402879928B17EEE00FCE2C8 /* WeekCircleView.swift */,
			);
			path = Views;
			sourceTree = "<group>";
		};
		6402889728B5585000FCE2C8 /* Views */ = {
			isa = PBXGroup;
			children = (
				64A8A3AD284076CF0056EC08 /* TaskCreationStep1View.swift */,
				6402889528B5583700FCE2C8 /* TaskCreationHeader.swift */,
			);
			path = Views;
			sourceTree = "<group>";
		};
		640B8E0D27CECE0900177ADF /* DisplayModels */ = {
			isa = PBXGroup;
			children = (
				640B8E0E27CECE1F00177ADF /* LabelDisplayModel.swift */,
				640B8E1827CECF6B00177ADF /* CardDisplayModel.swift */,
			);
			path = DisplayModels;
			sourceTree = "<group>";
		};
		640B8E1A27CECF9200177ADF /* ViewExtensions */ = {
			isa = PBXGroup;
			children = (
				64D7467327B8CFD8006A0C1C /* ColorExtentions.swift */,
				640B8E1B27CECFA700177ADF /* TextExtensions.swift */,
				64A8A3A9284075EC0056EC08 /* ButtonExtensions.swift */,
				6400D6522844101A005A6F79 /* ViewExtesnion.swift */,
				649FB0892A3012F8005948CC /* ViewModifiers.swift */,
				6402878D28B1577100FCE2C8 /* ListExtensions.swift */,
				649FB1AA2A30DB7C005948CC /* IsVisible.swift */,
			);
			path = ViewExtensions;
			sourceTree = "<group>";
		};
		640B8E1D27CECFDD00177ADF /* Theme */ = {
			isa = PBXGroup;
			children = (
				64D7467C27B8D4B8006A0C1C /* ScaledFont.swift */,
				640B8E1027CECE5A00177ADF /* LabelStyle.swift */,
				64A8A3A7284075A80056EC08 /* ButtonStyle.swift */,
				640B8E1327CECEB300177ADF /* PublicTheme.swift */,
				64EA837D28A7F986005ED007 /* ImageIcons.swift */,
			);
			path = Theme;
			sourceTree = "<group>";
		};
		642CB1A5287C4656004AF8DA /* View */ = {
			isa = PBXGroup;
			children = (
				643D4D712839568B0033C083 /* SelectGoalView.swift */,
				643D4D73283958030033C083 /* SelectGoalCell.swift */,
				646A8711287DA48D00E18CE4 /* NewGoalView.swift */,
			);
			path = View;
			sourceTree = "<group>";
		};
		642D2B3028972A7300500670 /* Date */ = {
			isa = PBXGroup;
			children = (
				64C7727B2885A8AF0066F97B /* DateExtensions.swift */,
				642D2B2E28972A2500500670 /* DateFormatterExtensions.swift */,
				642D2B2C289729AA00500670 /* DateHelper.swift */,
				64842BC92890175D00A4AA2E /* CalendarExtensions.swift */,
				64842BCD2890185500A4AA2E /* TimeIntervalExtension.swift */,
			);
			path = Date;
			sourceTree = "<group>";
		};
		642D2B31289800FD00500670 /* Task Detail */ = {
			isa = PBXGroup;
			children = (
				642D2B342898012300500670 /* TaskDetailView.swift */,
				642D2B3628980A8900500670 /* TaskDetailContext.swift */,
				642D2B3A28980A9400500670 /* TaskDetailDataManager.swift */,
				642D2B3C28980AA200500670 /* TaskDetailViewModel.swift */,
				6432D3A928AC2BC800B5763A /* TaskDetailDataMock.swift */,
			);
			path = "Task Detail";
			sourceTree = "<group>";
		};
		6435414328D27E6100449DC3 /* ActivityList */ = {
			isa = PBXGroup;
			children = (
				6435414428D27E9500449DC3 /* GoalsListView.swift */,
				644D729C28D95D1D00A92F87 /* ActivityListCellView.swift */,
				6435414628D27ED000449DC3 /* GoalsListViewModel.swift */,
				6435414828D2814300449DC3 /* ActivityListCoordinator.swift */,
				6435414A28D2816400449DC3 /* ActivityListDataManager.swift */,
				6435414C28D3661C00449DC3 /* ActivityListDataMock.swift */,
			);
			path = ActivityList;
			sourceTree = "<group>";
		};
		643778B22818923C0025D3D4 /* TaskCreation */ = {
			isa = PBXGroup;
			children = (
				64C5503F28609105000E9F61 /* Select Context */,
				64C5504228609422000E9F61 /* Select Goal */,
				64C5504628609A8B000E9F61 /* TaskCreationStep1 */,
				64A1038328820A96000A6FE2 /* TaskCreationStep2 */,
			);
			path = TaskCreation;
			sourceTree = "<group>";
		};
		644487F7288707810020A758 /* TabBar */ = {
			isa = PBXGroup;
			children = (
				644487EF288646DD0020A758 /* CustomTabbar.swift */,
				644487F128864F5D0020A758 /* CustomTabbarContainerView.swift */,
				644487F32886F51C0020A758 /* TabBarItemsPreferences.swift */,
				644487F52887077A0020A758 /* TabBarItem.swift */,
			);
			path = TabBar;
			sourceTree = "<group>";
		};
		644487FA28875E2C0020A758 /* Extensions & Helpers */ = {
			isa = PBXGroup;
			children = (
				64842BCB2890178D00A4AA2E /* DurarionBuilder.swift */,
				64C55037285F78E4000E9F61 /* ErrorLogger.swift */,
				642CB191287AFD7A004AF8DA /* BindingExtension.swift */,
				64C773822885DABC0066F97B /* CollectionExtension.swift */,
				646A8815287DD53F00E18CE4 /* StringExtensions.swift */,
				644487FB28875E9A0020A758 /* NotificationExtensions.swift */,
				642D2B3028972A7300500670 /* Date */,
				6496DA292A37A86C00BB08EA /* Injected.swift */,
			);
			path = "Extensions & Helpers";
			sourceTree = "<group>";
		};
		647F293D27AF1EBF00C70874 /* ContextsList */ = {
			isa = PBXGroup;
			children = (
				6402879228B17DDE00FCE2C8 /* Views */,
				647F293F27AF1F3B00C70874 /* HomeViewModel.swift */,
				647F294127AF1F4F00C70874 /* ContextsListCoordinator.swift */,
				64DD210C2894C0FF0009FD08 /* HomeContextCellView.swift */,
				647F294827AF247300C70874 /* HomeDataManager.swift */,
			);
			path = ContextsList;
			sourceTree = "<group>";
		};
		647F294527AF23E100C70874 /* ForFuture */ = {
			isa = PBXGroup;
			children = (
				644487F8288707970020A758 /* MainTabView.swift */,
				640C8715288898F900A2DBE9 /* MyCustomTabBarView.swift */,
				647F26F227AC203F00C70874 /* CoordinatorRegistration.swift */,
				647F26F427AC214D00C70874 /* Destination.swift */,
				647F26F627AC266600C70874 /* Presentation.swift */,
				6468A73A2889D18C0032DCD1 /* AdaptsToKeyboard.swift */,
				642D2B2A2897297F00500670 /* DateExtension_forfuture.swift */,
			);
			path = ForFuture;
			sourceTree = "<group>";
		};
		6483727C289597B000712190 /* Setting */ = {
			isa = PBXGroup;
			children = (
				6483727D289597C200712190 /* SettingsView.swift */,
			);
			path = Setting;
			sourceTree = "<group>";
		};
		64996B502A2578230016E59E /* CustomSegment */ = {
			isa = PBXGroup;
			children = (
				64996B532A2578440016E59E /* Segment.swift */,
				64996B542A2578440016E59E /* SegmentControlStyler.swift */,
				64996B512A25783C0016E59E /* ScrollSegmentControl.swift */,
			);
			path = CustomSegment;
			sourceTree = "<group>";
		};
		64A1038328820A96000A6FE2 /* TaskCreationStep2 */ = {
			isa = PBXGroup;
			children = (
				64A1038428820AB8000A6FE2 /* Views */,
				64A1038528820CD4000A6FE2 /* TaskCreationStep2ViewModel.swift */,
				64A1038728820CDF000A6FE2 /* TaskCreationStep2DataManager.swift */,
				64A1038928820CEA000A6FE2 /* TaskCreationStep2Mock.swift */,
			);
			path = TaskCreationStep2;
			sourceTree = "<group>";
		};
		64A1038428820AB8000A6FE2 /* Views */ = {
			isa = PBXGroup;
			children = (
				64C4E8B3284BA13600502D88 /* TaskCreationStep2View.swift */,
				64A9330228A7D5C0006E1988 /* QuitHabitViews.swift */,
				64A9330028A7D57E006E1988 /* ActivityCreationViews.swift */,
				64C4E8B9284CF7C800502D88 /* RepeatView.swift */,
				6432D3A728AC209400B5763A /* ReminderView.swift */,
				64A1038D28849908000A6FE2 /* CalendarSheet.swift */,
				64C7727D2885BCAB0066F97B /* DurationSheet.swift */,
				6432D3A528ABF3C500B5763A /* ReminerSheet.swift */,
			);
			path = Views;
			sourceTree = "<group>";
		};
		64B8AE96279DA3DC00BF47C5 = {
			isa = PBXGroup;
			children = (
				64B8AEA1279DA3DC00BF47C5 /* Form1 */,
				64B8AEA0279DA3DC00BF47C5 /* Products */,
			);
			sourceTree = "<group>";
		};
		64B8AEA0279DA3DC00BF47C5 /* Products */ = {
			isa = PBXGroup;
			children = (
				64B8AE9F279DA3DC00BF47C5 /* forMe From.app */,
			);
			name = Products;
			sourceTree = "<group>";
		};
		64B8AEA1279DA3DC00BF47C5 /* Form1 */ = {
			isa = PBXGroup;
			children = (
				64D7467E27B8D693006A0C1C /* Info.plist */,
				64B8AEA2279DA3DC00BF47C5 /* Form1App.swift */,
				647F283427AEC9B000C70874 /* AppCoordinator.swift */,
				64B8AEB0279DA4EF00BF47C5 /* AppTabView.swift */,
				6400D65B28450BDD005A6F79 /* LocalizedString.swift */,
				644487FA28875E2C0020A758 /* Extensions & Helpers */,
				640B8E1D27CECFDD00177ADF /* Theme */,
				640B8E1A27CECF9200177ADF /* ViewExtensions */,
				640B8E0D27CECE0900177ADF /* DisplayModels */,
				64D7467527B8D441006A0C1C /* Fonts */,
				64D7467027B8C8F4006A0C1C /* UIComponents */,
				64B8AEBC279DB02200BF47C5 /* Screens */,
				64B8AEB9279DAFD500BF47C5 /* DataLayer */,
				64B8AEA6279DA3E000BF47C5 /* Assets.xcassets */,
				6496DB4B2A37BCF600BB08EA /* reminder.wav */,
				647F294527AF23E100C70874 /* ForFuture */,
				64B8AEA8279DA3E000BF47C5 /* Preview Content */,
			);
			path = Form1;
			sourceTree = "<group>";
		};
		64B8AEA8279DA3E000BF47C5 /* Preview Content */ = {
			isa = PBXGroup;
			children = (
				64B8AEA9279DA3E000BF47C5 /* Preview Assets.xcassets */,
			);
			path = "Preview Content";
			sourceTree = "<group>";
		};
		64B8AEB9279DAFD500BF47C5 /* DataLayer */ = {
			isa = PBXGroup;
			children = (
				64B8AEC8279DB0E200BF47C5 /* DataModels */,
				64B8AEC9279DB0EF00BF47C5 /* DataProvider */,
				649FB0852A2EC171005948CC /* InputError.swift */,
				6496DA272A37669300BB08EA /* LocalNotificationManager.swift */,
			);
			path = DataLayer;
			sourceTree = "<group>";
		};
		64B8AEBC279DB02200BF47C5 /* Screens */ = {
			isa = PBXGroup;
			children = (
				643778B22818923C0025D3D4 /* TaskCreation */,
				64B8AEC3279DB06B00BF47C5 /* Week */,
				647F293D27AF1EBF00C70874 /* ContextsList */,
				6483727C289597B000712190 /* Setting */,
				642D2B31289800FD00500670 /* Task Detail */,
				6435414328D27E6100449DC3 /* ActivityList */,
			);
			path = Screens;
			sourceTree = "<group>";
		};
		64B8AEC3279DB06B00BF47C5 /* Week */ = {
			isa = PBXGroup;
			children = (
				6402878F28B15D2D00FCE2C8 /* Views */,
				64B8AEBD279DB03400BF47C5 /* WeekViewModel.swift */,
				64B8AEC1279DB06200BF47C5 /* WeekDataManager.swift */,
				64B8AECA279DB13100BF47C5 /* TodayModelTransformer.swift */,
				64842BC1288F440D00A4AA2E /* TaskListViewMock.swift */,
			);
			path = Week;
			sourceTree = "<group>";
		};
		64B8AEC8279DB0E200BF47C5 /* DataModels */ = {
			isa = PBXGroup;
			children = (
				6436FDAC279DC4B300BDED6E /* TaskDataModel.swift */,
				644487FF28876DC80020A758 /* WeekDayObject.swift */,
				642CB19D287C451D004AF8DA /* DataEntryDataModel.swift */,
				642CB1A1287C4573004AF8DA /* GoalDataModel.swift */,
				642CB19F287C453D004AF8DA /* ContextDataModel.swift */,
				64C55039285F7907000E9F61 /* LocalDataProvider.swift */,
				64C5503B285F7BD2000E9F61 /* DataManager.swift */,
				64842BCF28901E7600A4AA2E /* ContestsList.plist */,
				64EA8B28285F6C19009027DE /* Realm */,
			);
			path = DataModels;
			sourceTree = "<group>";
		};
		64B8AEC9279DB0EF00BF47C5 /* DataProvider */ = {
			isa = PBXGroup;
			children = (
				64B8AEB2279DADD200BF47C5 /* DataProvider.swift */,
				64B8AEBA279DAFF500BF47C5 /* RealmDataProvider.swift */,
			);
			path = DataProvider;
			sourceTree = "<group>";
		};
		64C5503F28609105000E9F61 /* Select Context */ = {
			isa = PBXGroup;
			children = (
				643778B3281892560025D3D4 /* SelectContextView.swift */,
				649FB0832A2E879A005948CC /* SelectContextSheetView.swift */,
				643778B52818AA230025D3D4 /* SelectContextCell.swift */,
				64EA8B26285F651B009027DE /* SelectContextDataManager.swift */,
				64C5503D285F8864000E9F61 /* SelectContextViewModel.swift */,
				64C550402860911F000E9F61 /* SelectContextMock.swift */,
			);
			path = "Select Context";
			sourceTree = "<group>";
		};
		64C5504228609422000E9F61 /* Select Goal */ = {
			isa = PBXGroup;
			children = (
				642CB1A5287C4656004AF8DA /* View */,
				642CB197287C4407004AF8DA /* SelectGoalDataManager.swift */,
				642CB199287C4410004AF8DA /* SelectGoalViewModel.swift */,
				642CB19B287C441F004AF8DA /* SelectGoalMock.swift */,
				649FB0872A2F9312005948CC /* NewGoalViewModel.swift */,
			);
			path = "Select Goal";
			sourceTree = "<group>";
		};
		64C5504628609A8B000E9F61 /* TaskCreationStep1 */ = {
			isa = PBXGroup;
			children = (
				6402889728B5585000FCE2C8 /* Views */,
				64C5504B28609AC6000E9F61 /* TaskCreationStep1DataManager.swift */,
				64C5504928609ABE000E9F61 /* TaskCreationStep1ViewModel.swift */,
				64C5504D28609ADA000E9F61 /* TaskCreationStep1Mock.swift */,
			);
			path = TaskCreationStep1;
			sourceTree = "<group>";
		};
		64C7727F2885BCC50066F97B /* CustomButtomSheet */ = {
			isa = PBXGroup;
			children = (
				64C7727728850D1F0066F97B /* BottomSheetModifier.swift */,
				64C7727928850D470066F97B /* BottomSheetViewController.swift */,
			);
			path = CustomButtomSheet;
			sourceTree = "<group>";
		};
		64D7467027B8C8F4006A0C1C /* UIComponents */ = {
			isa = PBXGroup;
			children = (
				64996B502A2578230016E59E /* CustomSegment */,
				64D7467127B8C918006A0C1C /* CardUIView.swift */,
				640B8E0B27CECDB000177ADF /* ProgressBar.swift */,
				640B8E1527CECF2100177ADF /* CardTitleStackView.swift */,
				643778B72818BDB40025D3D4 /* SearchBar.swift */,
				64D8898E28407BC800975536 /* SegmentedPicker.swift */,
				6435414128D2797300449DC3 /* LineSegmentPicker.swift */,
				64D88992284080B700975536 /* CustomTextField.swift */,
				6400D64E2841C3B5005A6F79 /* CustomTextEitor.swift */,
				6400D6542844F4CB005A6F79 /* CustomSelector.swift */,
				6400D65928450B56005A6F79 /* TwoButtonsView.swift */,
				64C4E8B5284BADFE00502D88 /* WeekDaysView.swift */,
				64C4E8B7284BB6CF00502D88 /* ChangeRepeatView.swift */,
				646A8919287E13EB00E18CE4 /* ModalHeaderView.swift */,
				64FD2C0D2881BC9A007EC203 /* ColorSelectorView.swift */,
				646EA78E2894FC2A00A338F4 /* CircularProgressView.swift */,
				64A932FE28A7D50F006E1988 /* TaskStepsHeader.swift */,
				64EA837B28A7E44A005ED007 /* ReminderCellView.swift */,
				64EA838928A94266005ED007 /* AddReminderCellView.swift */,
				6402889828B5617F00FCE2C8 /* VerticalSpaceView.swift */,
				648331D828B7CC0B00FDDB9E /* DeviderView.swift */,
				648331DA28B7CD5300FDDB9E /* PrimarySubmitButton.swift */,
				648332D528B92C9500FDDB9E /* TextView.swift */,
				649F07D628B9E9F000BA9AA9 /* CustomLineShapeWithAlignment.swift */,
				649FB0812A2D813E005948CC /* ColoredToggleStyle.swift */,
				6499885C2A31194200A0D909 /* TaskDetailsRowView.swift */,
				644487F7288707810020A758 /* TabBar */,
				64C7727F2885BCC50066F97B /* CustomButtomSheet */,
				6400D6582844F852005A6F79 /* Cells */,
			);
			path = UIComponents;
			sourceTree = "<group>";
		};
		64D7467527B8D441006A0C1C /* Fonts */ = {
			isa = PBXGroup;
			children = (
				64D7467827B8D451006A0C1C /* Vazir-Light.ttf */,
				64D7467627B8D451006A0C1C /* Vazir-Medium.ttf */,
				64D7467727B8D451006A0C1C /* Vazir-Regular.ttf */,
			);
			path = Fonts;
			sourceTree = "<group>";
		};
		64EA8B28285F6C19009027DE /* Realm */ = {
			isa = PBXGroup;
			children = (
				64EA8B29285F6C2B009027DE /* ContextRealm.swift */,
				642CB193287C4202004AF8DA /* GoalRealm.swift */,
				644487FD288768F80020A758 /* TaskRealm.swift */,
				643D86442892DB0A0076D884 /* RecordRealm.swift */,
				642CB195287C42F5004AF8DA /* DetachableObject.swift */,
			);
			path = Realm;
			sourceTree = "<group>";
		};
/* End PBXGroup section */

/* Begin PBXNativeTarget section */
		64B8AE9E279DA3DC00BF47C5 /* forMe From */ = {
			isa = PBXNativeTarget;
			buildConfigurationList = 64B8AEAD279DA3E000BF47C5 /* Build configuration list for PBXNativeTarget "forMe From" */;
			buildPhases = (
				64B8AE9B279DA3DC00BF47C5 /* Sources */,
				64B8AE9C279DA3DC00BF47C5 /* Frameworks */,
				64B8AE9D279DA3DC00BF47C5 /* Resources */,
			);
			buildRules = (
			);
			dependencies = (
			);
			name = "forMe From";
			packageProductDependencies = (
				64B8AEB5279DAFA000BF47C5 /* Realm */,
				64B8AEB7279DAFA000BF47C5 /* RealmSwift */,
				64EA838728A80059005ED007 /* SwiftDate */,
			);
			productName = Form1;
			productReference = 64B8AE9F279DA3DC00BF47C5 /* forMe From.app */;
			productType = "com.apple.product-type.application";
		};
/* End PBXNativeTarget section */

/* Begin PBXProject section */
		64B8AE97279DA3DC00BF47C5 /* Project object */ = {
			isa = PBXProject;
			attributes = {
				BuildIndependentTargetsInParallel = 1;
				LastSwiftUpdateCheck = 1310;
				LastUpgradeCheck = 1310;
				ORGANIZATIONNAME = Vofour;
				TargetAttributes = {
					64B8AE9E279DA3DC00BF47C5 = {
						CreatedOnToolsVersion = 13.1;
					};
				};
			};
			buildConfigurationList = 64B8AE9A279DA3DC00BF47C5 /* Build configuration list for PBXProject "Form1" */;
			compatibilityVersion = "Xcode 13.0";
			developmentRegion = en;
			hasScannedForEncodings = 0;
			knownRegions = (
				en,
				Base,
			);
			mainGroup = 64B8AE96279DA3DC00BF47C5;
			packageReferences = (
				64B8AEB4279DAFA000BF47C5 /* XCRemoteSwiftPackageReference "realm-swift" */,
				64EA838628A80059005ED007 /* XCRemoteSwiftPackageReference "SwiftDate" */,
			);
			productRefGroup = 64B8AEA0279DA3DC00BF47C5 /* Products */;
			projectDirPath = "";
			projectRoot = "";
			targets = (
				64B8AE9E279DA3DC00BF47C5 /* forMe From */,
			);
		};
/* End PBXProject section */

/* Begin PBXResourcesBuildPhase section */
		64B8AE9D279DA3DC00BF47C5 /* Resources */ = {
			isa = PBXResourcesBuildPhase;
			buildActionMask = 2147483647;
			files = (
				64D7467A27B8D451006A0C1C /* Vazir-Regular.ttf in Resources */,
				64B8AEAA279DA3E000BF47C5 /* Preview Assets.xcassets in Resources */,
				64D7467B27B8D451006A0C1C /* Vazir-Light.ttf in Resources */,
				64842BD028901E7600A4AA2E /* ContestsList.plist in Resources */,
				6496DB4C2A37BCF600BB08EA /* reminder.wav in Resources */,
				64B8AEA7279DA3E000BF47C5 /* Assets.xcassets in Resources */,
				64D7467927B8D451006A0C1C /* Vazir-Medium.ttf in Resources */,
			);
			runOnlyForDeploymentPostprocessing = 0;
		};
/* End PBXResourcesBuildPhase section */

/* Begin PBXSourcesBuildPhase section */
		64B8AE9B279DA3DC00BF47C5 /* Sources */ = {
			isa = PBXSourcesBuildPhase;
			buildActionMask = 2147483647;
			files = (
				64B8AEC2279DB06200BF47C5 /* WeekDataManager.swift in Sources */,
				640B8E0F27CECE1F00177ADF /* LabelDisplayModel.swift in Sources */,
				642D2B3D28980AA200500670 /* TaskDetailViewModel.swift in Sources */,
				6499885D2A31194200A0D909 /* TaskDetailsRowView.swift in Sources */,
				6432D3A828AC209400B5763A /* ReminderView.swift in Sources */,
				642D2B2D289729AA00500670 /* DateHelper.swift in Sources */,
				6402879828B17E6A00FCE2C8 /* HomeHeaderView.swift in Sources */,
				642CB1A0287C453D004AF8DA /* ContextDataModel.swift in Sources */,
				643D4D74283958030033C083 /* SelectGoalCell.swift in Sources */,
				642D2B2B2897297F00500670 /* DateExtension_forfuture.swift in Sources */,
				64996B522A25783C0016E59E /* ScrollSegmentControl.swift in Sources */,
				64C55038285F78E4000E9F61 /* ErrorLogger.swift in Sources */,
				64C5503A285F7907000E9F61 /* LocalDataProvider.swift in Sources */,
				642CB192287AFD7A004AF8DA /* BindingExtension.swift in Sources */,
				649FB0882A2F9312005948CC /* NewGoalViewModel.swift in Sources */,
				64D88993284080B700975536 /* CustomTextField.swift in Sources */,
				649FB1AB2A30DB7C005948CC /* IsVisible.swift in Sources */,
				64D7467227B8C918006A0C1C /* CardUIView.swift in Sources */,
				64C5503E285F8864000E9F61 /* SelectContextViewModel.swift in Sources */,
				640B8E1627CECF2100177ADF /* CardTitleStackView.swift in Sources */,
				6400D6552844F4CB005A6F79 /* CustomSelector.swift in Sources */,
				648332D628B92C9500FDDB9E /* TextView.swift in Sources */,
				64A8A3AE284076CF0056EC08 /* TaskCreationStep1View.swift in Sources */,
				64FD2C0E2881BC9A007EC203 /* ColorSelectorView.swift in Sources */,
				647F26F727AC266600C70874 /* Presentation.swift in Sources */,
				64B8AEBB279DAFF500BF47C5 /* RealmDataProvider.swift in Sources */,
				64EA837C28A7E44A005ED007 /* ReminderCellView.swift in Sources */,
				64842BCC2890178D00A4AA2E /* DurarionBuilder.swift in Sources */,
				644487F62887077A0020A758 /* TabBarItem.swift in Sources */,
				640B8E1927CECF6B00177ADF /* CardDisplayModel.swift in Sources */,
				64A9330128A7D57E006E1988 /* ActivityCreationViews.swift in Sources */,
				6496DA2A2A37A86C00BB08EA /* Injected.swift in Sources */,
				642CB198287C4407004AF8DA /* SelectGoalDataManager.swift in Sources */,
				64C773852885DFC30066F97B /* InputCellTitleView.swift in Sources */,
				6402879428B17DF900FCE2C8 /* ProgressOverViewOverview.swift in Sources */,
				64D7467D27B8D4B8006A0C1C /* ScaledFont.swift in Sources */,
				647F294227AF1F4F00C70874 /* ContextsListCoordinator.swift in Sources */,
				64C4E8B6284BADFE00502D88 /* WeekDaysView.swift in Sources */,
				64A9330328A7D5C0006E1988 /* QuitHabitViews.swift in Sources */,
				64DD210D2894C0FF0009FD08 /* HomeContextCellView.swift in Sources */,
				642D2B3728980A8900500670 /* TaskDetailContext.swift in Sources */,
				649FB0862A2EC171005948CC /* InputError.swift in Sources */,
				6435414728D27ED000449DC3 /* GoalsListViewModel.swift in Sources */,
				648331DB28B7CD5300FDDB9E /* PrimarySubmitButton.swift in Sources */,
				643D4D722839568B0033C083 /* SelectGoalView.swift in Sources */,
				642D2B3B28980A9400500670 /* TaskDetailDataManager.swift in Sources */,
				6435414B28D2816400449DC3 /* ActivityListDataManager.swift in Sources */,
				64B8AEB3279DADD200BF47C5 /* DataProvider.swift in Sources */,
				64D7467427B8CFD8006A0C1C /* ColorExtentions.swift in Sources */,
				64B8AEC0279DB04600BF47C5 /* WeekView.swift in Sources */,
				6402878E28B1577100FCE2C8 /* ListExtensions.swift in Sources */,
				646A891A287E13EB00E18CE4 /* ModalHeaderView.swift in Sources */,
				64A1038828820CDF000A6FE2 /* TaskCreationStep2DataManager.swift in Sources */,
				6432D3A628ABF3C500B5763A /* ReminerSheet.swift in Sources */,
				643778B82818BDB40025D3D4 /* SearchBar.swift in Sources */,
				64EA8B27285F651B009027DE /* SelectContextDataManager.swift in Sources */,
				642CB196287C42F5004AF8DA /* DetachableObject.swift in Sources */,
				6432D3AA28AC2BC800B5763A /* TaskDetailDataMock.swift in Sources */,
				644487FE288768F80020A758 /* TaskRealm.swift in Sources */,
				64EA838A28A94266005ED007 /* AddReminderCellView.swift in Sources */,
				64C5504E28609ADA000E9F61 /* TaskCreationStep1Mock.swift in Sources */,
				644487F9288707970020A758 /* MainTabView.swift in Sources */,
				643778B4281892560025D3D4 /* SelectContextView.swift in Sources */,
				64A1038A28820CEA000A6FE2 /* TaskCreationStep2Mock.swift in Sources */,
				64B8AECB279DB13100BF47C5 /* TodayModelTransformer.swift in Sources */,
				64C4E8B8284BB6CF00502D88 /* ChangeRepeatView.swift in Sources */,
				6400D6572844F691005A6F79 /* SelectorInputCell.swift in Sources */,
				64A8A3AA284075EC0056EC08 /* ButtonExtensions.swift in Sources */,
				6400D64F2841C3B5005A6F79 /* CustomTextEitor.swift in Sources */,
				642D2B2F28972A2500500670 /* DateFormatterExtensions.swift in Sources */,
				64EA837E28A7F986005ED007 /* ImageIcons.swift in Sources */,
				644487F0288646DD0020A758 /* CustomTabbar.swift in Sources */,
				6400D65A28450B56005A6F79 /* TwoButtonsView.swift in Sources */,
				6400D65C28450BDD005A6F79 /* LocalizedString.swift in Sources */,
				64C7727C2885A8AF0066F97B /* DateExtensions.swift in Sources */,
				647F294427AF1FBC00C70874 /* ContextListView.swift in Sources */,
				64842BC2288F440D00A4AA2E /* TaskListViewMock.swift in Sources */,
				642CB194287C4202004AF8DA /* GoalRealm.swift in Sources */,
				642CB19A287C4410004AF8DA /* SelectGoalViewModel.swift in Sources */,
				6402889628B5583700FCE2C8 /* TaskCreationHeader.swift in Sources */,
				6402879128B15D3E00FCE2C8 /* DayTaskListEmtyView.swift in Sources */,
				649FB0822A2D813E005948CC /* ColoredToggleStyle.swift in Sources */,
				640B8E0C27CECDB000177ADF /* ProgressBar.swift in Sources */,
				64EA8B2A285F6C2B009027DE /* ContextRealm.swift in Sources */,
				646A8816287DD53F00E18CE4 /* StringExtensions.swift in Sources */,
				644487FC28875E9A0020A758 /* NotificationExtensions.swift in Sources */,
				642CB19E287C451D004AF8DA /* DataEntryDataModel.swift in Sources */,
				64C7727E2885BCAB0066F97B /* DurationSheet.swift in Sources */,
				647F294927AF247300C70874 /* HomeDataManager.swift in Sources */,
				64D8898F28407BC800975536 /* SegmentedPicker.swift in Sources */,
				6435414528D27E9500449DC3 /* GoalsListView.swift in Sources */,
				642D2B352898012300500670 /* TaskDetailView.swift in Sources */,
				64842BC8288F6FE700A4AA2E /* WeekHeaderView.swift in Sources */,
				646EA78F2894FC2A00A338F4 /* CircularProgressView.swift in Sources */,
				64B8AEBE279DB03400BF47C5 /* WeekViewModel.swift in Sources */,
				644D729D28D95D1D00A92F87 /* ActivityListCellView.swift in Sources */,
				646A8712287DA48D00E18CE4 /* NewGoalView.swift in Sources */,
				6468A73B2889D18C0032DCD1 /* AdaptsToKeyboard.swift in Sources */,
				647F293A27AEFAB700C70874 /* AppTabView.swift in Sources */,
				644487F228864F5D0020A758 /* CustomTabbarContainerView.swift in Sources */,
				64A1038E28849908000A6FE2 /* CalendarSheet.swift in Sources */,
				643778B62818AA230025D3D4 /* SelectContextCell.swift in Sources */,
				640B8E1127CECE5A00177ADF /* LabelStyle.swift in Sources */,
				64A932FF28A7D50F006E1988 /* TaskStepsHeader.swift in Sources */,
				6435414928D2814300449DC3 /* ActivityListCoordinator.swift in Sources */,
				640B8E1C27CECFA700177ADF /* TextExtensions.swift in Sources */,
				6436FDAD279DC4B300BDED6E /* TaskDataModel.swift in Sources */,
				642CB19C287C441F004AF8DA /* SelectGoalMock.swift in Sources */,
				6435414228D2797300449DC3 /* LineSegmentPicker.swift in Sources */,
				64842BCA2890175D00A4AA2E /* CalendarExtensions.swift in Sources */,
				647F26F527AC214D00C70874 /* Destination.swift in Sources */,
				642CB1A2287C4573004AF8DA /* GoalDataModel.swift in Sources */,
				643D86452892DB0A0076D884 /* RecordRealm.swift in Sources */,
				6402889928B5617F00FCE2C8 /* VerticalSpaceView.swift in Sources */,
				649FB08A2A3012F8005948CC /* ViewModifiers.swift in Sources */,
				64A1038628820CD4000A6FE2 /* TaskCreationStep2ViewModel.swift in Sources */,
				64C7727828850D1F0066F97B /* BottomSheetModifier.swift in Sources */,
				6402879A28B17EEE00FCE2C8 /* WeekCircleView.swift in Sources */,
				647F283527AEC9B000C70874 /* AppCoordinator.swift in Sources */,
				64C7727A28850D470066F97B /* BottomSheetViewController.swift in Sources */,
				647F294027AF1F3B00C70874 /* HomeViewModel.swift in Sources */,
				64B8AEA3279DA3DC00BF47C5 /* Form1App.swift in Sources */,
				64C5503C285F7BD2000E9F61 /* DataManager.swift in Sources */,
				649F07D728B9E9F000BA9AA9 /* CustomLineShapeWithAlignment.swift in Sources */,
				64996B562A2578440016E59E /* SegmentControlStyler.swift in Sources */,
				64C4E8BA284CF7C800502D88 /* RepeatView.swift in Sources */,
				648331D928B7CC0B00FDDB9E /* DeviderView.swift in Sources */,
				644487F42886F51C0020A758 /* TabBarItemsPreferences.swift in Sources */,
				6400D6512841C54C005A6F79 /* MultipleLineInputCell.swift in Sources */,
				6402879628B17E0800FCE2C8 /* HomeHeadLineView.swift in Sources */,
				64C4E8B4284BA13600502D88 /* TaskCreationStep2View.swift in Sources */,
				64C773832885DABC0066F97B /* CollectionExtension.swift in Sources */,
				64C5504C28609AC6000E9F61 /* TaskCreationStep1DataManager.swift in Sources */,
				640C8716288898F900A2DBE9 /* MyCustomTabBarView.swift in Sources */,
				6444880028876DC80020A758 /* WeekDayObject.swift in Sources */,
				64996B552A2578440016E59E /* Segment.swift in Sources */,
				6435414D28D3661C00449DC3 /* ActivityListDataMock.swift in Sources */,
				64D8899128407EE800975536 /* OneLineInputCell.swift in Sources */,
				647F26F327AC203F00C70874 /* CoordinatorRegistration.swift in Sources */,
				64A8A3A8284075A80056EC08 /* ButtonStyle.swift in Sources */,
				6483727E289597C200712190 /* SettingsView.swift in Sources */,
				64C5504A28609ABE000E9F61 /* TaskCreationStep1ViewModel.swift in Sources */,
				64842BCE2890185500A4AA2E /* TimeIntervalExtension.swift in Sources */,
				6400D6532844101A005A6F79 /* ViewExtesnion.swift in Sources */,
				640B8E1427CECEB300177ADF /* PublicTheme.swift in Sources */,
				6496DA282A37669300BB08EA /* LocalNotificationManager.swift in Sources */,
				64C5504128609120000E9F61 /* SelectContextMock.swift in Sources */,
				649FB0842A2E879A005948CC /* SelectContextSheetView.swift in Sources */,
			);
			runOnlyForDeploymentPostprocessing = 0;
		};
/* End PBXSourcesBuildPhase section */

/* Begin XCBuildConfiguration section */
		64B8AEAB279DA3E000BF47C5 /* Debug */ = {
			isa = XCBuildConfiguration;
			buildSettings = {
				ALWAYS_SEARCH_USER_PATHS = NO;
				CLANG_ANALYZER_NONNULL = YES;
				CLANG_ANALYZER_NUMBER_OBJECT_CONVERSION = YES_AGGRESSIVE;
				CLANG_CXX_LANGUAGE_STANDARD = "gnu++17";
				CLANG_CXX_LIBRARY = "libc++";
				CLANG_ENABLE_MODULES = YES;
				CLANG_ENABLE_OBJC_ARC = YES;
				CLANG_ENABLE_OBJC_WEAK = YES;
				CLANG_WARN_BLOCK_CAPTURE_AUTORELEASING = YES;
				CLANG_WARN_BOOL_CONVERSION = YES;
				CLANG_WARN_COMMA = YES;
				CLANG_WARN_CONSTANT_CONVERSION = YES;
				CLANG_WARN_DEPRECATED_OBJC_IMPLEMENTATIONS = YES;
				CLANG_WARN_DIRECT_OBJC_ISA_USAGE = YES_ERROR;
				CLANG_WARN_DOCUMENTATION_COMMENTS = YES;
				CLANG_WARN_EMPTY_BODY = YES;
				CLANG_WARN_ENUM_CONVERSION = YES;
				CLANG_WARN_INFINITE_RECURSION = YES;
				CLANG_WARN_INT_CONVERSION = YES;
				CLANG_WARN_NON_LITERAL_NULL_CONVERSION = YES;
				CLANG_WARN_OBJC_IMPLICIT_RETAIN_SELF = YES;
				CLANG_WARN_OBJC_LITERAL_CONVERSION = YES;
				CLANG_WARN_OBJC_ROOT_CLASS = YES_ERROR;
				CLANG_WARN_QUOTED_INCLUDE_IN_FRAMEWORK_HEADER = YES;
				CLANG_WARN_RANGE_LOOP_ANALYSIS = YES;
				CLANG_WARN_STRICT_PROTOTYPES = YES;
				CLANG_WARN_SUSPICIOUS_MOVE = YES;
				CLANG_WARN_UNGUARDED_AVAILABILITY = YES_AGGRESSIVE;
				CLANG_WARN_UNREACHABLE_CODE = YES;
				CLANG_WARN__DUPLICATE_METHOD_MATCH = YES;
				COPY_PHASE_STRIP = NO;
				DEBUG_INFORMATION_FORMAT = dwarf;
				ENABLE_STRICT_OBJC_MSGSEND = YES;
				ENABLE_TESTABILITY = YES;
				GCC_C_LANGUAGE_STANDARD = gnu11;
				GCC_DYNAMIC_NO_PIC = NO;
				GCC_NO_COMMON_BLOCKS = YES;
				GCC_OPTIMIZATION_LEVEL = 0;
				GCC_PREPROCESSOR_DEFINITIONS = (
					"DEBUG=1",
					"$(inherited)",
				);
				GCC_WARN_64_TO_32_BIT_CONVERSION = YES;
				GCC_WARN_ABOUT_RETURN_TYPE = YES_ERROR;
				GCC_WARN_UNDECLARED_SELECTOR = YES;
				GCC_WARN_UNINITIALIZED_AUTOS = YES_AGGRESSIVE;
				GCC_WARN_UNUSED_FUNCTION = YES;
				GCC_WARN_UNUSED_VARIABLE = YES;
				IPHONEOS_DEPLOYMENT_TARGET = 15.0;
				MTL_ENABLE_DEBUG_INFO = INCLUDE_SOURCE;
				MTL_FAST_MATH = YES;
				ONLY_ACTIVE_ARCH = YES;
				SDKROOT = iphoneos;
				SWIFT_ACTIVE_COMPILATION_CONDITIONS = DEBUG;
				SWIFT_OPTIMIZATION_LEVEL = "-Onone";
			};
			name = Debug;
		};
		64B8AEAC279DA3E000BF47C5 /* Release */ = {
			isa = XCBuildConfiguration;
			buildSettings = {
				ALWAYS_SEARCH_USER_PATHS = NO;
				CLANG_ANALYZER_NONNULL = YES;
				CLANG_ANALYZER_NUMBER_OBJECT_CONVERSION = YES_AGGRESSIVE;
				CLANG_CXX_LANGUAGE_STANDARD = "gnu++17";
				CLANG_CXX_LIBRARY = "libc++";
				CLANG_ENABLE_MODULES = YES;
				CLANG_ENABLE_OBJC_ARC = YES;
				CLANG_ENABLE_OBJC_WEAK = YES;
				CLANG_WARN_BLOCK_CAPTURE_AUTORELEASING = YES;
				CLANG_WARN_BOOL_CONVERSION = YES;
				CLANG_WARN_COMMA = YES;
				CLANG_WARN_CONSTANT_CONVERSION = YES;
				CLANG_WARN_DEPRECATED_OBJC_IMPLEMENTATIONS = YES;
				CLANG_WARN_DIRECT_OBJC_ISA_USAGE = YES_ERROR;
				CLANG_WARN_DOCUMENTATION_COMMENTS = YES;
				CLANG_WARN_EMPTY_BODY = YES;
				CLANG_WARN_ENUM_CONVERSION = YES;
				CLANG_WARN_INFINITE_RECURSION = YES;
				CLANG_WARN_INT_CONVERSION = YES;
				CLANG_WARN_NON_LITERAL_NULL_CONVERSION = YES;
				CLANG_WARN_OBJC_IMPLICIT_RETAIN_SELF = YES;
				CLANG_WARN_OBJC_LITERAL_CONVERSION = YES;
				CLANG_WARN_OBJC_ROOT_CLASS = YES_ERROR;
				CLANG_WARN_QUOTED_INCLUDE_IN_FRAMEWORK_HEADER = YES;
				CLANG_WARN_RANGE_LOOP_ANALYSIS = YES;
				CLANG_WARN_STRICT_PROTOTYPES = YES;
				CLANG_WARN_SUSPICIOUS_MOVE = YES;
				CLANG_WARN_UNGUARDED_AVAILABILITY = YES_AGGRESSIVE;
				CLANG_WARN_UNREACHABLE_CODE = YES;
				CLANG_WARN__DUPLICATE_METHOD_MATCH = YES;
				COPY_PHASE_STRIP = NO;
				DEBUG_INFORMATION_FORMAT = "dwarf-with-dsym";
				ENABLE_NS_ASSERTIONS = NO;
				ENABLE_STRICT_OBJC_MSGSEND = YES;
				GCC_C_LANGUAGE_STANDARD = gnu11;
				GCC_NO_COMMON_BLOCKS = YES;
				GCC_WARN_64_TO_32_BIT_CONVERSION = YES;
				GCC_WARN_ABOUT_RETURN_TYPE = YES_ERROR;
				GCC_WARN_UNDECLARED_SELECTOR = YES;
				GCC_WARN_UNINITIALIZED_AUTOS = YES_AGGRESSIVE;
				GCC_WARN_UNUSED_FUNCTION = YES;
				GCC_WARN_UNUSED_VARIABLE = YES;
				IPHONEOS_DEPLOYMENT_TARGET = 15.0;
				MTL_ENABLE_DEBUG_INFO = NO;
				MTL_FAST_MATH = YES;
				SDKROOT = iphoneos;
				SWIFT_COMPILATION_MODE = wholemodule;
				SWIFT_OPTIMIZATION_LEVEL = "-O";
				VALIDATE_PRODUCT = YES;
			};
			name = Release;
		};
		64B8AEAE279DA3E000BF47C5 /* Debug */ = {
			isa = XCBuildConfiguration;
			buildSettings = {
				ASSETCATALOG_COMPILER_APPICON_NAME = AppIcon;
				ASSETCATALOG_COMPILER_GLOBAL_ACCENT_COLOR_NAME = AccentColor;
				CODE_SIGN_IDENTITY = "Apple Development";
				CODE_SIGN_STYLE = Automatic;
				CURRENT_PROJECT_VERSION = 1;
				DEVELOPMENT_ASSET_PATHS = "\"Form1/Preview Content\"";
				DEVELOPMENT_TEAM = 3LCV6JG2JX;
				ENABLE_PREVIEWS = YES;
				GENERATE_INFOPLIST_FILE = YES;
				INFOPLIST_FILE = Form1/Info.plist;
				INFOPLIST_KEY_CFBundleDisplayName = forMe;
				INFOPLIST_KEY_LSApplicationCategoryType = "public.app-category.lifestyle";
				INFOPLIST_KEY_UIApplicationSceneManifest_Generation = YES;
				INFOPLIST_KEY_UIApplicationSupportsIndirectInputEvents = YES;
				INFOPLIST_KEY_UILaunchScreen_Generation = YES;
				INFOPLIST_KEY_UISupportedInterfaceOrientations = UIInterfaceOrientationPortrait;
				INFOPLIST_KEY_UISupportedInterfaceOrientations_iPad = "UIInterfaceOrientationLandscapeLeft UIInterfaceOrientationLandscapeRight UIInterfaceOrientationPortrait UIInterfaceOrientationPortraitUpsideDown";
				INFOPLIST_KEY_UIUserInterfaceStyle = Light;
				IPHONEOS_DEPLOYMENT_TARGET = 16.0;
				LD_RUNPATH_SEARCH_PATHS = (
					"$(inherited)",
					"@executable_path/Frameworks",
				);
				MARKETING_VERSION = 0.8.26;
				PRODUCT_BUNDLE_IDENTIFIER = com.vofour.forMe;
				PRODUCT_NAME = "$(TARGET_NAME)";
				PROVISIONING_PROFILE_SPECIFIER = "";
				SWIFT_EMIT_LOC_STRINGS = YES;
				SWIFT_VERSION = 5.0;
				TARGETED_DEVICE_FAMILY = "1,2";
			};
			name = Debug;
		};
		64B8AEAF279DA3E000BF47C5 /* Release */ = {
			isa = XCBuildConfiguration;
			buildSettings = {
				ASSETCATALOG_COMPILER_APPICON_NAME = AppIcon;
				ASSETCATALOG_COMPILER_GLOBAL_ACCENT_COLOR_NAME = AccentColor;
				CODE_SIGN_IDENTITY = "Apple Development";
				CODE_SIGN_STYLE = Automatic;
				CURRENT_PROJECT_VERSION = 1;
				DEVELOPMENT_ASSET_PATHS = "\"Form1/Preview Content\"";
				DEVELOPMENT_TEAM = 3LCV6JG2JX;
				ENABLE_PREVIEWS = YES;
				GENERATE_INFOPLIST_FILE = YES;
				INFOPLIST_FILE = Form1/Info.plist;
				INFOPLIST_KEY_CFBundleDisplayName = forMe;
				INFOPLIST_KEY_LSApplicationCategoryType = "public.app-category.lifestyle";
				INFOPLIST_KEY_UIApplicationSceneManifest_Generation = YES;
				INFOPLIST_KEY_UIApplicationSupportsIndirectInputEvents = YES;
				INFOPLIST_KEY_UILaunchScreen_Generation = YES;
				INFOPLIST_KEY_UISupportedInterfaceOrientations = UIInterfaceOrientationPortrait;
				INFOPLIST_KEY_UISupportedInterfaceOrientations_iPad = "UIInterfaceOrientationLandscapeLeft UIInterfaceOrientationLandscapeRight UIInterfaceOrientationPortrait UIInterfaceOrientationPortraitUpsideDown";
				INFOPLIST_KEY_UIUserInterfaceStyle = Light;
				IPHONEOS_DEPLOYMENT_TARGET = 16.0;
				LD_RUNPATH_SEARCH_PATHS = (
					"$(inherited)",
					"@executable_path/Frameworks",
				);
				MARKETING_VERSION = 0.8.26;
				PRODUCT_BUNDLE_IDENTIFIER = com.vofour.forMe;
				PRODUCT_NAME = "$(TARGET_NAME)";
				PROVISIONING_PROFILE_SPECIFIER = "";
				SWIFT_EMIT_LOC_STRINGS = YES;
				SWIFT_VERSION = 5.0;
				TARGETED_DEVICE_FAMILY = "1,2";
			};
			name = Release;
		};
/* End XCBuildConfiguration section */

/* Begin XCConfigurationList section */
		64B8AE9A279DA3DC00BF47C5 /* Build configuration list for PBXProject "Form1" */ = {
			isa = XCConfigurationList;
			buildConfigurations = (
				64B8AEAB279DA3E000BF47C5 /* Debug */,
				64B8AEAC279DA3E000BF47C5 /* Release */,
			);
			defaultConfigurationIsVisible = 0;
			defaultConfigurationName = Release;
		};
		64B8AEAD279DA3E000BF47C5 /* Build configuration list for PBXNativeTarget "forMe From" */ = {
			isa = XCConfigurationList;
			buildConfigurations = (
				64B8AEAE279DA3E000BF47C5 /* Debug */,
				64B8AEAF279DA3E000BF47C5 /* Release */,
			);
			defaultConfigurationIsVisible = 0;
			defaultConfigurationName = Release;
		};
/* End XCConfigurationList section */

/* Begin XCRemoteSwiftPackageReference section */
		64B8AEB4279DAFA000BF47C5 /* XCRemoteSwiftPackageReference "realm-swift" */ = {
			isa = XCRemoteSwiftPackageReference;
			repositoryURL = "https://github.com/realm/realm-swift";
			requirement = {
				kind = exactVersion;
				version = 10.39.1;
			};
		};
		64EA838628A80059005ED007 /* XCRemoteSwiftPackageReference "SwiftDate" */ = {
			isa = XCRemoteSwiftPackageReference;
			repositoryURL = "https://github.com/malcommac/SwiftDate";
			requirement = {
				branch = master;
				kind = branch;
			};
		};
/* End XCRemoteSwiftPackageReference section */

/* Begin XCSwiftPackageProductDependency section */
		64B8AEB5279DAFA000BF47C5 /* Realm */ = {
			isa = XCSwiftPackageProductDependency;
			package = 64B8AEB4279DAFA000BF47C5 /* XCRemoteSwiftPackageReference "realm-swift" */;
			productName = Realm;
		};
		64B8AEB7279DAFA000BF47C5 /* RealmSwift */ = {
			isa = XCSwiftPackageProductDependency;
			package = 64B8AEB4279DAFA000BF47C5 /* XCRemoteSwiftPackageReference "realm-swift" */;
			productName = RealmSwift;
		};
		64EA838728A80059005ED007 /* SwiftDate */ = {
			isa = XCSwiftPackageProductDependency;
			package = 64EA838628A80059005ED007 /* XCRemoteSwiftPackageReference "SwiftDate" */;
			productName = SwiftDate;
		};
/* End XCSwiftPackageProductDependency section */
	};
	rootObject = 64B8AE97279DA3DC00BF47C5 /* Project object */;
}
